// !$*UTF8*$!
{
	archiveVersion = 1;
	classes = {
	};
	objectVersion = 46;
	objects = {

/* Begin PBXBuildFile section */
		15427CD3198F221400DC375D /* libcocos2d iOS.a in Frameworks */ = {isa = PBXBuildFile; fileRef = 15A8A4251834BDA200142BE0 /* libcocos2d iOS.a */; };
		15427CD5198F222200DC375D /* libluacocos2d iOS.a in Frameworks */ = {isa = PBXBuildFile; fileRef = 15427CD2198F220600DC375D /* libluacocos2d iOS.a */; };
		15427CEC198F24A600DC375D /* libluacocos2d Mac.a in Frameworks */ = {isa = PBXBuildFile; fileRef = 15427CC2198F220600DC375D /* libluacocos2d Mac.a */; };
		15427CEE198F24AF00DC375D /* libcocos2d Mac.a in Frameworks */ = {isa = PBXBuildFile; fileRef = 15A8A4171834BDA200142BE0 /* libcocos2d Mac.a */; };
		15A8A4491834C64F00142BE0 /* Icon-114.png in Resources */ = {isa = PBXBuildFile; fileRef = 5023810C17EBBCAC00990C9B /* Icon-114.png */; };
		15A8A4881834C90F00142BE0 /* libcurl.dylib in Frameworks */ = {isa = PBXBuildFile; fileRef = 15A8A4871834C90E00142BE0 /* libcurl.dylib */; };
		1AF4C403178663F200122817 /* libz.dylib in Frameworks */ = {isa = PBXBuildFile; fileRef = 1AF4C402178663F200122817 /* libz.dylib */; };
		2B55BD0B1AFF6C0C00FC2500 /* fpconv.c in Sources */ = {isa = PBXBuildFile; fileRef = 2B55BC9E1AFF6C0C00FC2500 /* fpconv.c */; };
		2B55BD0C1AFF6C0C00FC2500 /* fpconv.c in Sources */ = {isa = PBXBuildFile; fileRef = 2B55BC9E1AFF6C0C00FC2500 /* fpconv.c */; };
		2B55BD0D1AFF6C0C00FC2500 /* lua_cjson.c in Sources */ = {isa = PBXBuildFile; fileRef = 2B55BCA01AFF6C0C00FC2500 /* lua_cjson.c */; };
		2B55BD0E1AFF6C0C00FC2500 /* lua_cjson.c in Sources */ = {isa = PBXBuildFile; fileRef = 2B55BCA01AFF6C0C00FC2500 /* lua_cjson.c */; };
		2B55BD0F1AFF6C0C00FC2500 /* strbuf.c in Sources */ = {isa = PBXBuildFile; fileRef = 2B55BCA21AFF6C0C00FC2500 /* strbuf.c */; };
		2B55BD101AFF6C0C00FC2500 /* strbuf.c in Sources */ = {isa = PBXBuildFile; fileRef = 2B55BCA21AFF6C0C00FC2500 /* strbuf.c */; };
		2B55BD111AFF6C0C00FC2500 /* libb64.c in Sources */ = {isa = PBXBuildFile; fileRef = 2B55BCA61AFF6C0C00FC2500 /* libb64.c */; };
		2B55BD121AFF6C0C00FC2500 /* libb64.c in Sources */ = {isa = PBXBuildFile; fileRef = 2B55BCA61AFF6C0C00FC2500 /* libb64.c */; };
		2B55BD131AFF6C0C00FC2500 /* CCCrypto.cpp in Sources */ = {isa = PBXBuildFile; fileRef = 2B55BCA81AFF6C0C00FC2500 /* CCCrypto.cpp */; };
		2B55BD141AFF6C0C00FC2500 /* CCCrypto.cpp in Sources */ = {isa = PBXBuildFile; fileRef = 2B55BCA81AFF6C0C00FC2500 /* CCCrypto.cpp */; };
		2B55BD151AFF6C0C00FC2500 /* md5.c in Sources */ = {isa = PBXBuildFile; fileRef = 2B55BCAB1AFF6C0C00FC2500 /* md5.c */; };
		2B55BD161AFF6C0C00FC2500 /* md5.c in Sources */ = {isa = PBXBuildFile; fileRef = 2B55BCAB1AFF6C0C00FC2500 /* md5.c */; };
		2B55BD171AFF6C0C00FC2500 /* sha1.cpp in Sources */ = {isa = PBXBuildFile; fileRef = 2B55BCAE1AFF6C0C00FC2500 /* sha1.cpp */; };
		2B55BD181AFF6C0C00FC2500 /* sha1.cpp in Sources */ = {isa = PBXBuildFile; fileRef = 2B55BCAE1AFF6C0C00FC2500 /* sha1.cpp */; };
		2B55BD191AFF6C0C00FC2500 /* lsqlite3.c in Sources */ = {isa = PBXBuildFile; fileRef = 2B55BCB11AFF6C0C00FC2500 /* lsqlite3.c */; };
		2B55BD1A1AFF6C0C00FC2500 /* lsqlite3.c in Sources */ = {isa = PBXBuildFile; fileRef = 2B55BCB11AFF6C0C00FC2500 /* lsqlite3.c */; };
		2B55BD1B1AFF6C0C00FC2500 /* lua_regist.c in Sources */ = {isa = PBXBuildFile; fileRef = 2B55BCB51AFF6C0C00FC2500 /* lua_regist.c */; };
		2B55BD1C1AFF6C0C00FC2500 /* lua_regist.c in Sources */ = {isa = PBXBuildFile; fileRef = 2B55BCB51AFF6C0C00FC2500 /* lua_regist.c */; };
		2B55BD1D1AFF6C0C00FC2500 /* define.hpp.erb in Resources */ = {isa = PBXBuildFile; fileRef = 2B55BCC61AFF6C0C00FC2500 /* define.hpp.erb */; };
		2B55BD1E1AFF6C0C00FC2500 /* define.hpp.erb in Resources */ = {isa = PBXBuildFile; fileRef = 2B55BCC61AFF6C0C00FC2500 /* define.hpp.erb */; };
		2B55BD1F1AFF6C0C00FC2500 /* tuple.hpp.erb in Resources */ = {isa = PBXBuildFile; fileRef = 2B55BCD61AFF6C0C00FC2500 /* tuple.hpp.erb */; };
		2B55BD201AFF6C0C00FC2500 /* tuple.hpp.erb in Resources */ = {isa = PBXBuildFile; fileRef = 2B55BCD61AFF6C0C00FC2500 /* tuple.hpp.erb */; };
		2B55BD211AFF6C0C00FC2500 /* version.h.in in Resources */ = {isa = PBXBuildFile; fileRef = 2B55BCDE1AFF6C0C00FC2500 /* version.h.in */; };
		2B55BD221AFF6C0C00FC2500 /* version.h.in in Resources */ = {isa = PBXBuildFile; fileRef = 2B55BCDE1AFF6C0C00FC2500 /* version.h.in */; };
		2B55BD231AFF6C0C00FC2500 /* zone.hpp.erb in Resources */ = {isa = PBXBuildFile; fileRef = 2B55BCE51AFF6C0C00FC2500 /* zone.hpp.erb */; };
		2B55BD241AFF6C0C00FC2500 /* zone.hpp.erb in Resources */ = {isa = PBXBuildFile; fileRef = 2B55BCE51AFF6C0C00FC2500 /* zone.hpp.erb */; };
		2B55BD251AFF6C0C00FC2500 /* lua_objects.cpp in Sources */ = {isa = PBXBuildFile; fileRef = 2B55BCE71AFF6C0C00FC2500 /* lua_objects.cpp */; };
		2B55BD261AFF6C0C00FC2500 /* lua_objects.cpp in Sources */ = {isa = PBXBuildFile; fileRef = 2B55BCE71AFF6C0C00FC2500 /* lua_objects.cpp */; };
		2B55BD271AFF6C0C00FC2500 /* Makefile in Sources */ = {isa = PBXBuildFile; fileRef = 2B55BCE91AFF6C0C00FC2500 /* Makefile */; };
		2B55BD281AFF6C0C00FC2500 /* Makefile in Sources */ = {isa = PBXBuildFile; fileRef = 2B55BCE91AFF6C0C00FC2500 /* Makefile */; };
		2B55BD291AFF6C0C00FC2500 /* msgpack.cpp in Sources */ = {isa = PBXBuildFile; fileRef = 2B55BCEA1AFF6C0C00FC2500 /* msgpack.cpp */; };
		2B55BD2A1AFF6C0C00FC2500 /* msgpack.cpp in Sources */ = {isa = PBXBuildFile; fileRef = 2B55BCEA1AFF6C0C00FC2500 /* msgpack.cpp */; };
		2B55BD2B1AFF6C0C00FC2500 /* object.cpp in Sources */ = {isa = PBXBuildFile; fileRef = 2B55BCED1AFF6C0C00FC2500 /* object.cpp */; };
		2B55BD2C1AFF6C0C00FC2500 /* object.cpp in Sources */ = {isa = PBXBuildFile; fileRef = 2B55BCED1AFF6C0C00FC2500 /* object.cpp */; };
		2B55BD2D1AFF6C0C00FC2500 /* objectc.c in Sources */ = {isa = PBXBuildFile; fileRef = 2B55BCEE1AFF6C0C00FC2500 /* objectc.c */; };
		2B55BD2E1AFF6C0C00FC2500 /* objectc.c in Sources */ = {isa = PBXBuildFile; fileRef = 2B55BCEE1AFF6C0C00FC2500 /* objectc.c */; };
		2B55BD2F1AFF6C0C00FC2500 /* packer.cpp in Sources */ = {isa = PBXBuildFile; fileRef = 2B55BCEF1AFF6C0C00FC2500 /* packer.cpp */; };
		2B55BD301AFF6C0C00FC2500 /* packer.cpp in Sources */ = {isa = PBXBuildFile; fileRef = 2B55BCEF1AFF6C0C00FC2500 /* packer.cpp */; };
		2B55BD311AFF6C0C00FC2500 /* packer_impl.cpp in Sources */ = {isa = PBXBuildFile; fileRef = 2B55BCF11AFF6C0C00FC2500 /* packer_impl.cpp */; };
		2B55BD321AFF6C0C00FC2500 /* packer_impl.cpp in Sources */ = {isa = PBXBuildFile; fileRef = 2B55BCF11AFF6C0C00FC2500 /* packer_impl.cpp */; };
		2B55BD331AFF6C0C00FC2500 /* unpack.c in Sources */ = {isa = PBXBuildFile; fileRef = 2B55BCF31AFF6C0C00FC2500 /* unpack.c */; };
		2B55BD341AFF6C0C00FC2500 /* unpack.c in Sources */ = {isa = PBXBuildFile; fileRef = 2B55BCF31AFF6C0C00FC2500 /* unpack.c */; };
		2B55BD351AFF6C0C00FC2500 /* unpacker.cpp in Sources */ = {isa = PBXBuildFile; fileRef = 2B55BCF41AFF6C0C00FC2500 /* unpacker.cpp */; };
		2B55BD361AFF6C0C00FC2500 /* unpacker.cpp in Sources */ = {isa = PBXBuildFile; fileRef = 2B55BCF41AFF6C0C00FC2500 /* unpacker.cpp */; };
		2B55BD371AFF6C0C00FC2500 /* vector.c in Sources */ = {isa = PBXBuildFile; fileRef = 2B55BCF61AFF6C0C00FC2500 /* vector.c */; };
		2B55BD381AFF6C0C00FC2500 /* vector.c in Sources */ = {isa = PBXBuildFile; fileRef = 2B55BCF61AFF6C0C00FC2500 /* vector.c */; };
		2B55BD391AFF6C0C00FC2500 /* version.c in Sources */ = {isa = PBXBuildFile; fileRef = 2B55BCF81AFF6C0C00FC2500 /* version.c */; };
		2B55BD3A1AFF6C0C00FC2500 /* version.c in Sources */ = {isa = PBXBuildFile; fileRef = 2B55BCF81AFF6C0C00FC2500 /* version.c */; };
		2B55BD3B1AFF6C0C00FC2500 /* vrefbuffer.c in Sources */ = {isa = PBXBuildFile; fileRef = 2B55BCF91AFF6C0C00FC2500 /* vrefbuffer.c */; };
		2B55BD3C1AFF6C0C00FC2500 /* vrefbuffer.c in Sources */ = {isa = PBXBuildFile; fileRef = 2B55BCF91AFF6C0C00FC2500 /* vrefbuffer.c */; };
		2B55BD3D1AFF6C0C00FC2500 /* zone.c in Sources */ = {isa = PBXBuildFile; fileRef = 2B55BCFA1AFF6C0C00FC2500 /* zone.c */; };
		2B55BD3E1AFF6C0C00FC2500 /* zone.c in Sources */ = {isa = PBXBuildFile; fileRef = 2B55BCFA1AFF6C0C00FC2500 /* zone.c */; };
		2B55BD4F1AFF6C0C00FC2500 /* sqlite3secure.c in Sources */ = {isa = PBXBuildFile; fileRef = 2B55BD0A1AFF6C0C00FC2500 /* sqlite3secure.c */; };
		2B55BD501AFF6C0C00FC2500 /* sqlite3secure.c in Sources */ = {isa = PBXBuildFile; fileRef = 2B55BD0A1AFF6C0C00FC2500 /* sqlite3secure.c */; };
		2B55BD541AFF6C2200FC2500 /* LuaBridgeUtils.cpp in Sources */ = {isa = PBXBuildFile; fileRef = 2B55BD521AFF6C2200FC2500 /* LuaBridgeUtils.cpp */; };
		2B55BD551AFF6C2200FC2500 /* LuaBridgeUtils.cpp in Sources */ = {isa = PBXBuildFile; fileRef = 2B55BD521AFF6C2200FC2500 /* LuaBridgeUtils.cpp */; };
		2B55BD5C1AFF6C8200FC2500 /* lua_custlua_auto_api.lua in Resources */ = {isa = PBXBuildFile; fileRef = 2B55BD581AFF6C8200FC2500 /* lua_custlua_auto_api.lua */; };
		2B55BD5D1AFF6C8200FC2500 /* lua_custlua_auto_api.lua in Resources */ = {isa = PBXBuildFile; fileRef = 2B55BD581AFF6C8200FC2500 /* lua_custlua_auto_api.lua */; };
		2B55BD5E1AFF6C8200FC2500 /* LuaBridgeUtils.lua in Resources */ = {isa = PBXBuildFile; fileRef = 2B55BD591AFF6C8200FC2500 /* LuaBridgeUtils.lua */; };
		2B55BD5F1AFF6C8200FC2500 /* LuaBridgeUtils.lua in Resources */ = {isa = PBXBuildFile; fileRef = 2B55BD591AFF6C8200FC2500 /* LuaBridgeUtils.lua */; };
		2B55BD601AFF6C8200FC2500 /* lua_custlua_auto.cpp in Sources */ = {isa = PBXBuildFile; fileRef = 2B55BD5A1AFF6C8200FC2500 /* lua_custlua_auto.cpp */; };
		2B55BD611AFF6C8200FC2500 /* lua_custlua_auto.cpp in Sources */ = {isa = PBXBuildFile; fileRef = 2B55BD5A1AFF6C8200FC2500 /* lua_custlua_auto.cpp */; };
		3EEEDB61197107C0006A9FF8 /* MediaPlayer.framework in Frameworks */ = {isa = PBXBuildFile; fileRef = 3EEEDB60197107C0006A9FF8 /* MediaPlayer.framework */; };
		5023811817EBBCAC00990C9B /* AppController.mm in Sources */ = {isa = PBXBuildFile; fileRef = 5023810817EBBCAC00990C9B /* AppController.mm */; };
		5023811917EBBCAC00990C9B /* Default-568h@2x.png in Resources */ = {isa = PBXBuildFile; fileRef = 5023810917EBBCAC00990C9B /* Default-568h@2x.png */; };
		5023811A17EBBCAC00990C9B /* Default.png in Resources */ = {isa = PBXBuildFile; fileRef = 5023810A17EBBCAC00990C9B /* Default.png */; };
		5023811B17EBBCAC00990C9B /* Default@2x.png in Resources */ = {isa = PBXBuildFile; fileRef = 5023810B17EBBCAC00990C9B /* Default@2x.png */; };
		5023811D17EBBCAC00990C9B /* Icon-120.png in Resources */ = {isa = PBXBuildFile; fileRef = 5023810D17EBBCAC00990C9B /* Icon-120.png */; };
		5023811E17EBBCAC00990C9B /* Icon-144.png in Resources */ = {isa = PBXBuildFile; fileRef = 5023810E17EBBCAC00990C9B /* Icon-144.png */; };
		5023811F17EBBCAC00990C9B /* Icon-152.png in Resources */ = {isa = PBXBuildFile; fileRef = 5023810F17EBBCAC00990C9B /* Icon-152.png */; };
		5023812017EBBCAC00990C9B /* Icon-57.png in Resources */ = {isa = PBXBuildFile; fileRef = 5023811017EBBCAC00990C9B /* Icon-57.png */; };
		5023812117EBBCAC00990C9B /* Icon-72.png in Resources */ = {isa = PBXBuildFile; fileRef = 5023811117EBBCAC00990C9B /* Icon-72.png */; };
		5023812217EBBCAC00990C9B /* Icon-76.png in Resources */ = {isa = PBXBuildFile; fileRef = 5023811217EBBCAC00990C9B /* Icon-76.png */; };
		5023812417EBBCAC00990C9B /* main.m in Sources */ = {isa = PBXBuildFile; fileRef = 5023811417EBBCAC00990C9B /* main.m */; };
		5023812517EBBCAC00990C9B /* RootViewController.mm in Sources */ = {isa = PBXBuildFile; fileRef = 5023811717EBBCAC00990C9B /* RootViewController.mm */; };
		5023813317EBBCE400990C9B /* AppDelegate.cpp in Sources */ = {isa = PBXBuildFile; fileRef = F293BB7E15EB831F00256477 /* AppDelegate.cpp */; };
		5023813717EBBCE400990C9B /* libz.dylib in Frameworks */ = {isa = PBXBuildFile; fileRef = 1AF4C402178663F200122817 /* libz.dylib */; };
		5023813E17EBBCE400990C9B /* QuartzCore.framework in Frameworks */ = {isa = PBXBuildFile; fileRef = F293B3CC15EB7BE500256477 /* QuartzCore.framework */; };
		5023814017EBBCE400990C9B /* OpenAL.framework in Frameworks */ = {isa = PBXBuildFile; fileRef = F293B3D015EB7BE500256477 /* OpenAL.framework */; };
		5023814117EBBCE400990C9B /* AudioToolbox.framework in Frameworks */ = {isa = PBXBuildFile; fileRef = F293B3D215EB7BE500256477 /* AudioToolbox.framework */; };
		5023814417EBBCE400990C9B /* Foundation.framework in Frameworks */ = {isa = PBXBuildFile; fileRef = F293B3D815EB7BE500256477 /* Foundation.framework */; };
		5023814517EBBCE400990C9B /* CoreGraphics.framework in Frameworks */ = {isa = PBXBuildFile; fileRef = F293B3DA15EB7BE500256477 /* CoreGraphics.framework */; };
		5023817617EBBE3400990C9B /* Icon.icns in Resources */ = {isa = PBXBuildFile; fileRef = 5023817217EBBE3400990C9B /* Icon.icns */; };
		5023817A17EBBE8300990C9B /* OpenGLES.framework in Frameworks */ = {isa = PBXBuildFile; fileRef = 5023817917EBBE8300990C9B /* OpenGLES.framework */; };
		50805AAF17EBBEAA004CFAD3 /* UIKit.framework in Frameworks */ = {isa = PBXBuildFile; fileRef = 50805AAE17EBBEAA004CFAD3 /* UIKit.framework */; };
		5091733617ECE17A00D62437 /* Icon-29.png in Resources */ = {isa = PBXBuildFile; fileRef = 5091733017ECE17A00D62437 /* Icon-29.png */; };
		5091733717ECE17A00D62437 /* Icon-40.png in Resources */ = {isa = PBXBuildFile; fileRef = 5091733117ECE17A00D62437 /* Icon-40.png */; };
		5091733817ECE17A00D62437 /* Icon-50.png in Resources */ = {isa = PBXBuildFile; fileRef = 5091733217ECE17A00D62437 /* Icon-50.png */; };
		5091733917ECE17A00D62437 /* Icon-58.png in Resources */ = {isa = PBXBuildFile; fileRef = 5091733317ECE17A00D62437 /* Icon-58.png */; };
		5091733A17ECE17A00D62437 /* Icon-80.png in Resources */ = {isa = PBXBuildFile; fileRef = 5091733417ECE17A00D62437 /* Icon-80.png */; };
		5091733B17ECE17A00D62437 /* Icon-100.png in Resources */ = {isa = PBXBuildFile; fileRef = 5091733517ECE17A00D62437 /* Icon-100.png */; };
		50D7C96C17EBBEDF005D0B91 /* OpenGL.framework in Frameworks */ = {isa = PBXBuildFile; fileRef = 50D7C96B17EBBEDF005D0B91 /* OpenGL.framework */; };
		50D7C96E17EBBEE6005D0B91 /* AppKit.framework in Frameworks */ = {isa = PBXBuildFile; fileRef = 50D7C96D17EBBEE6005D0B91 /* AppKit.framework */; };
		50D7C97017EBBEEC005D0B91 /* IOKit.framework in Frameworks */ = {isa = PBXBuildFile; fileRef = 50D7C96F17EBBEEC005D0B91 /* IOKit.framework */; };
		5200BECA1A53D9A500AC45E4 /* Security.framework in Frameworks */ = {isa = PBXBuildFile; fileRef = 5200BEC91A53D9A500AC45E4 /* Security.framework */; };
		521A8E7019F0C3D200D177D7 /* Default-667h@2x.png in Resources */ = {isa = PBXBuildFile; fileRef = 521A8E6E19F0C3D200D177D7 /* Default-667h@2x.png */; };
		521A8E7119F0C3D200D177D7 /* Default-736h@3x.png in Resources */ = {isa = PBXBuildFile; fileRef = 521A8E6F19F0C3D200D177D7 /* Default-736h@3x.png */; };
		9FC760431A67791200D1E6E7 /* lang in Resources */ = {isa = PBXBuildFile; fileRef = 9FC760401A67791200D1E6E7 /* lang */; };
		9FC760451A677A4A00D1E6E7 /* SimpleConfigParser.cpp in Sources */ = {isa = PBXBuildFile; fileRef = 9FC760411A67791200D1E6E7 /* SimpleConfigParser.cpp */; };
		9FF504841A5E87B100AFDA55 /* ConsoleWindow.xib in Resources */ = {isa = PBXBuildFile; fileRef = 9FF504811A5E87B100AFDA55 /* ConsoleWindow.xib */; };
		9FF504851A5E87B100AFDA55 /* ConsoleWindowController.m in Sources */ = {isa = PBXBuildFile; fileRef = 9FF504831A5E87B100AFDA55 /* ConsoleWindowController.m */; };
		9FF504861A5E881200AFDA55 /* libsimulator Mac.a in Frameworks */ = {isa = PBXBuildFile; fileRef = 9FF5047E1A5E86D600AFDA55 /* libsimulator Mac.a */; };
		9FF504871A5E88CE00AFDA55 /* libsimulator iOS.a in Frameworks */ = {isa = PBXBuildFile; fileRef = 9FF504801A5E86D600AFDA55 /* libsimulator iOS.a */; };
		9FFC07361A4A764100AED399 /* MainMenu.xib in Resources */ = {isa = PBXBuildFile; fileRef = 9FFC07341A4A764100AED399 /* MainMenu.xib */; };
		9FFE009F1ACCF59E00D6E35A /* lua_debugger.c in Sources */ = {isa = PBXBuildFile; fileRef = 9FFE009B1ACCF59E00D6E35A /* lua_debugger.c */; };
		9FFE00A01ACCF59E00D6E35A /* lua_debugger.c in Sources */ = {isa = PBXBuildFile; fileRef = 9FFE009B1ACCF59E00D6E35A /* lua_debugger.c */; };
		9FFE00A11ACCF59E00D6E35A /* RuntimeLuaImpl.cpp in Sources */ = {isa = PBXBuildFile; fileRef = 9FFE009D1ACCF59E00D6E35A /* RuntimeLuaImpl.cpp */; };
		9FFE00A21ACCF59E00D6E35A /* RuntimeLuaImpl.cpp in Sources */ = {isa = PBXBuildFile; fileRef = 9FFE009D1ACCF59E00D6E35A /* RuntimeLuaImpl.cpp */; };
		C03781B918BF655400FE4F13 /* res in Resources */ = {isa = PBXBuildFile; fileRef = C03781B718BF655400FE4F13 /* res */; };
		C03781BA18BF655400FE4F13 /* res in Resources */ = {isa = PBXBuildFile; fileRef = C03781B718BF655400FE4F13 /* res */; };
		C03781BB18BF655400FE4F13 /* src in Resources */ = {isa = PBXBuildFile; fileRef = C03781B818BF655400FE4F13 /* src */; };
		C03781BC18BF655400FE4F13 /* src in Resources */ = {isa = PBXBuildFile; fileRef = C03781B818BF655400FE4F13 /* src */; };
		C05D1C121923449100B808A4 /* config.json in Resources */ = {isa = PBXBuildFile; fileRef = C05D1C111923449100B808A4 /* config.json */; };
		C05D1C131923449100B808A4 /* config.json in Resources */ = {isa = PBXBuildFile; fileRef = C05D1C111923449100B808A4 /* config.json */; };
		C07828F818B4D72E00BD2287 /* main.m in Sources */ = {isa = PBXBuildFile; fileRef = C07828F418B4D72E00BD2287 /* main.m */; };
		C07828FA18B4D72E00BD2287 /* SimulatorApp.mm in Sources */ = {isa = PBXBuildFile; fileRef = C07828F718B4D72E00BD2287 /* SimulatorApp.mm */; };
		D6B061351803AC000077942B /* CoreMotion.framework in Frameworks */ = {isa = PBXBuildFile; fileRef = D6B061341803AC000077942B /* CoreMotion.framework */; };
		DA9E7D881AB1ABCC004B27C8 /* Security.framework in Frameworks */ = {isa = PBXBuildFile; fileRef = DA9E7D871AB1ABCC004B27C8 /* Security.framework */; };
		F293B3CD15EB7BE500256477 /* QuartzCore.framework in Frameworks */ = {isa = PBXBuildFile; fileRef = F293B3CC15EB7BE500256477 /* QuartzCore.framework */; };
		F293B3D115EB7BE500256477 /* OpenAL.framework in Frameworks */ = {isa = PBXBuildFile; fileRef = F293B3D015EB7BE500256477 /* OpenAL.framework */; };
		F293B3D315EB7BE500256477 /* AudioToolbox.framework in Frameworks */ = {isa = PBXBuildFile; fileRef = F293B3D215EB7BE500256477 /* AudioToolbox.framework */; };
		F293B3D515EB7BE500256477 /* AVFoundation.framework in Frameworks */ = {isa = PBXBuildFile; fileRef = F293B3D415EB7BE500256477 /* AVFoundation.framework */; };
		F293B3D915EB7BE500256477 /* Foundation.framework in Frameworks */ = {isa = PBXBuildFile; fileRef = F293B3D815EB7BE500256477 /* Foundation.framework */; };
		F293B3DB15EB7BE500256477 /* CoreGraphics.framework in Frameworks */ = {isa = PBXBuildFile; fileRef = F293B3DA15EB7BE500256477 /* CoreGraphics.framework */; };
		F293BB9C15EB831F00256477 /* AppDelegate.cpp in Sources */ = {isa = PBXBuildFile; fileRef = F293BB7E15EB831F00256477 /* AppDelegate.cpp */; };
/* End PBXBuildFile section */

/* Begin PBXContainerItemProxy section */
		152A349E199CE72E004B68DC /* PBXContainerItemProxy */ = {
			isa = PBXContainerItemProxy;
			containerPortal = C03781AE18BF654500FE4F13 /* cocos2d_lua_bindings.xcodeproj */;
			proxyType = 1;
			remoteGlobalIDString = 15EFA59E198B2DAA000C57D3;
			remoteInfo = "libluacocos2d iOS";
		};
		152A34B8199CE758004B68DC /* PBXContainerItemProxy */ = {
			isa = PBXContainerItemProxy;
			containerPortal = C03781AE18BF654500FE4F13 /* cocos2d_lua_bindings.xcodeproj */;
			proxyType = 1;
			remoteGlobalIDString = 15C1C255198748D200A46ACC;
			remoteInfo = "libluacocos2d Mac";
		};
		15427CC1198F220600DC375D /* PBXContainerItemProxy */ = {
			isa = PBXContainerItemProxy;
			containerPortal = C03781AE18BF654500FE4F13 /* cocos2d_lua_bindings.xcodeproj */;
			proxyType = 2;
			remoteGlobalIDString = 15C1C2CC198748D200A46ACC;
			remoteInfo = "libluacocos2d Mac";
		};
		15427CD1198F220600DC375D /* PBXContainerItemProxy */ = {
			isa = PBXContainerItemProxy;
			containerPortal = C03781AE18BF654500FE4F13 /* cocos2d_lua_bindings.xcodeproj */;
			proxyType = 2;
			remoteGlobalIDString = 15EFA616198B2DAA000C57D3;
			remoteInfo = "libluacocos2d iOS";
		};
		15A8A4161834BDA200142BE0 /* PBXContainerItemProxy */ = {
			isa = PBXContainerItemProxy;
			containerPortal = 15A8A4031834BDA200142BE0 /* cocos2d_libs.xcodeproj */;
			proxyType = 2;
			remoteGlobalIDString = 1551A33F158F2AB200E66CFE;
			remoteInfo = "cocos2dx Mac";
		};
		15A8A4241834BDA200142BE0 /* PBXContainerItemProxy */ = {
			isa = PBXContainerItemProxy;
			containerPortal = 15A8A4031834BDA200142BE0 /* cocos2d_libs.xcodeproj */;
			proxyType = 2;
			remoteGlobalIDString = A07A4D641783777C0073F6A7;
			remoteInfo = "cocos2dx iOS";
		};
		15D1F3081994BBCA00302043 /* PBXContainerItemProxy */ = {
			isa = PBXContainerItemProxy;
			containerPortal = 15A8A4031834BDA200142BE0 /* cocos2d_libs.xcodeproj */;
			proxyType = 1;
			remoteGlobalIDString = A07A4C241783777C0073F6A7;
			remoteInfo = "libcocos2d iOS";
		};
		9FEE0E431A5FC95000FEA1B0 /* PBXContainerItemProxy */ = {
			isa = PBXContainerItemProxy;
			containerPortal = 9FF504781A5E86D600AFDA55 /* libsimulator.xcodeproj */;
			proxyType = 1;
			remoteGlobalIDString = 9F7214341A5C271F00DAED06;
			remoteInfo = libsimulator;
		};
		9FF5047D1A5E86D600AFDA55 /* PBXContainerItemProxy */ = {
			isa = PBXContainerItemProxy;
			containerPortal = 9FF504781A5E86D600AFDA55 /* libsimulator.xcodeproj */;
			proxyType = 2;
			remoteGlobalIDString = 9F7214351A5C271F00DAED06;
			remoteInfo = libsimulator;
		};
		9FF5047F1A5E86D600AFDA55 /* PBXContainerItemProxy */ = {
			isa = PBXContainerItemProxy;
			containerPortal = 9FF504781A5E86D600AFDA55 /* libsimulator.xcodeproj */;
			proxyType = 2;
			remoteGlobalIDString = 9F7214851A5C28BA00DAED06;
			remoteInfo = libsimulator_iOS;
		};
		9FF504881A5E8B4C00AFDA55 /* PBXContainerItemProxy */ = {
			isa = PBXContainerItemProxy;
			containerPortal = 9FF504781A5E86D600AFDA55 /* libsimulator.xcodeproj */;
			proxyType = 1;
			remoteGlobalIDString = 9F7214841A5C28BA00DAED06;
			remoteInfo = libsimulator_iOS;
		};
		C0A2F04018975FF80072A7AB /* PBXContainerItemProxy */ = {
			isa = PBXContainerItemProxy;
			containerPortal = 15A8A4031834BDA200142BE0 /* cocos2d_libs.xcodeproj */;
			proxyType = 1;
			remoteGlobalIDString = 1551A33E158F2AB200E66CFE;
			remoteInfo = "cocos2dx Mac";
		};
/* End PBXContainerItemProxy section */

/* Begin PBXFileReference section */
		15427CE2198F237300DC375D /* lua_module_register.h */ = {isa = PBXFileReference; fileEncoding = 4; lastKnownFileType = sourcecode.c.h; name = lua_module_register.h; path = ../Classes/lua_module_register.h; sourceTree = "<group>"; };
		15A8A4031834BDA200142BE0 /* cocos2d_libs.xcodeproj */ = {isa = PBXFileReference; lastKnownFileType = "wrapper.pb-project"; name = cocos2d_libs.xcodeproj; path = "../../cocos2d-x/build/cocos2d_libs.xcodeproj"; sourceTree = "<group>"; };
		15A8A4871834C90E00142BE0 /* libcurl.dylib */ = {isa = PBXFileReference; lastKnownFileType = "compiled.mach-o.dylib"; name = libcurl.dylib; path = usr/lib/libcurl.dylib; sourceTree = SDKROOT; };
		15C1568D1683131500D239F2 /* libcurl.a */ = {isa = PBXFileReference; lastKnownFileType = archive.ar; name = libcurl.a; path = "../../cocos2d-x/cocos2dx/platform/third_party/ios/libraries/libcurl.a"; sourceTree = "<group>"; };
		1AF4C402178663F200122817 /* libz.dylib */ = {isa = PBXFileReference; lastKnownFileType = "compiled.mach-o.dylib"; name = libz.dylib; path = usr/lib/libz.dylib; sourceTree = SDKROOT; };
		2B55BC9E1AFF6C0C00FC2500 /* fpconv.c */ = {isa = PBXFileReference; fileEncoding = 4; lastKnownFileType = sourcecode.c.c; path = fpconv.c; sourceTree = "<group>"; };
		2B55BC9F1AFF6C0C00FC2500 /* fpconv.h */ = {isa = PBXFileReference; fileEncoding = 4; lastKnownFileType = sourcecode.c.h; path = fpconv.h; sourceTree = "<group>"; };
		2B55BCA01AFF6C0C00FC2500 /* lua_cjson.c */ = {isa = PBXFileReference; fileEncoding = 4; lastKnownFileType = sourcecode.c.c; path = lua_cjson.c; sourceTree = "<group>"; };
		2B55BCA11AFF6C0C00FC2500 /* lua_cjson.h */ = {isa = PBXFileReference; fileEncoding = 4; lastKnownFileType = sourcecode.c.h; path = lua_cjson.h; sourceTree = "<group>"; };
		2B55BCA21AFF6C0C00FC2500 /* strbuf.c */ = {isa = PBXFileReference; fileEncoding = 4; lastKnownFileType = sourcecode.c.c; path = strbuf.c; sourceTree = "<group>"; };
		2B55BCA31AFF6C0C00FC2500 /* strbuf.h */ = {isa = PBXFileReference; fileEncoding = 4; lastKnownFileType = sourcecode.c.h; path = strbuf.h; sourceTree = "<group>"; };
		2B55BCA61AFF6C0C00FC2500 /* libb64.c */ = {isa = PBXFileReference; fileEncoding = 4; lastKnownFileType = sourcecode.c.c; path = libb64.c; sourceTree = "<group>"; };
		2B55BCA71AFF6C0C00FC2500 /* libb64.h */ = {isa = PBXFileReference; fileEncoding = 4; lastKnownFileType = sourcecode.c.h; path = libb64.h; sourceTree = "<group>"; };
		2B55BCA81AFF6C0C00FC2500 /* CCCrypto.cpp */ = {isa = PBXFileReference; fileEncoding = 4; lastKnownFileType = sourcecode.cpp.cpp; path = CCCrypto.cpp; sourceTree = "<group>"; };
		2B55BCA91AFF6C0C00FC2500 /* CCCrypto.h */ = {isa = PBXFileReference; fileEncoding = 4; lastKnownFileType = sourcecode.c.h; path = CCCrypto.h; sourceTree = "<group>"; };
		2B55BCAB1AFF6C0C00FC2500 /* md5.c */ = {isa = PBXFileReference; fileEncoding = 4; lastKnownFileType = sourcecode.c.c; path = md5.c; sourceTree = "<group>"; };
		2B55BCAC1AFF6C0C00FC2500 /* md5.h */ = {isa = PBXFileReference; fileEncoding = 4; lastKnownFileType = sourcecode.c.h; path = md5.h; sourceTree = "<group>"; };
		2B55BCAE1AFF6C0C00FC2500 /* sha1.cpp */ = {isa = PBXFileReference; fileEncoding = 4; lastKnownFileType = sourcecode.cpp.cpp; path = sha1.cpp; sourceTree = "<group>"; };
		2B55BCAF1AFF6C0C00FC2500 /* sha1.h */ = {isa = PBXFileReference; fileEncoding = 4; lastKnownFileType = sourcecode.c.h; path = sha1.h; sourceTree = "<group>"; };
		2B55BCB11AFF6C0C00FC2500 /* lsqlite3.c */ = {isa = PBXFileReference; fileEncoding = 4; lastKnownFileType = sourcecode.c.c; path = lsqlite3.c; sourceTree = "<group>"; };
		2B55BCB21AFF6C0C00FC2500 /* lsqlite3.h */ = {isa = PBXFileReference; fileEncoding = 4; lastKnownFileType = sourcecode.c.h; path = lsqlite3.h; sourceTree = "<group>"; };
		2B55BCB31AFF6C0C00FC2500 /* lua.hpp */ = {isa = PBXFileReference; fileEncoding = 4; lastKnownFileType = sourcecode.cpp.h; path = lua.hpp; sourceTree = "<group>"; };
		2B55BCB51AFF6C0C00FC2500 /* lua_regist.c */ = {isa = PBXFileReference; fileEncoding = 4; lastKnownFileType = sourcecode.c.c; path = lua_regist.c; sourceTree = "<group>"; };
		2B55BCB61AFF6C0C00FC2500 /* lua_regist.h */ = {isa = PBXFileReference; fileEncoding = 4; lastKnownFileType = sourcecode.c.h; path = lua_regist.h; sourceTree = "<group>"; };
		2B55BCB81AFF6C0C00FC2500 /* fbuffer.h */ = {isa = PBXFileReference; fileEncoding = 4; lastKnownFileType = sourcecode.c.h; path = fbuffer.h; sourceTree = "<group>"; };
		2B55BCB91AFF6C0C00FC2500 /* fbuffer.hpp */ = {isa = PBXFileReference; fileEncoding = 4; lastKnownFileType = sourcecode.cpp.h; path = fbuffer.hpp; sourceTree = "<group>"; };
		2B55BCBA1AFF6C0C00FC2500 /* object.h */ = {isa = PBXFileReference; fileEncoding = 4; lastKnownFileType = sourcecode.c.h; path = object.h; sourceTree = "<group>"; };
		2B55BCBB1AFF6C0C00FC2500 /* object.hpp */ = {isa = PBXFileReference; fileEncoding = 4; lastKnownFileType = sourcecode.cpp.h; path = object.hpp; sourceTree = "<group>"; };
		2B55BCBC1AFF6C0C00FC2500 /* pack.h */ = {isa = PBXFileReference; fileEncoding = 4; lastKnownFileType = sourcecode.c.h; path = pack.h; sourceTree = "<group>"; };
		2B55BCBD1AFF6C0C00FC2500 /* pack.hpp */ = {isa = PBXFileReference; fileEncoding = 4; lastKnownFileType = sourcecode.cpp.h; path = pack.hpp; sourceTree = "<group>"; };
		2B55BCBE1AFF6C0C00FC2500 /* pack_define.h */ = {isa = PBXFileReference; fileEncoding = 4; lastKnownFileType = sourcecode.c.h; path = pack_define.h; sourceTree = "<group>"; };
		2B55BCBF1AFF6C0C00FC2500 /* pack_template.h */ = {isa = PBXFileReference; fileEncoding = 4; lastKnownFileType = sourcecode.c.h; path = pack_template.h; sourceTree = "<group>"; };
		2B55BCC01AFF6C0C00FC2500 /* sbuffer.h */ = {isa = PBXFileReference; fileEncoding = 4; lastKnownFileType = sourcecode.c.h; path = sbuffer.h; sourceTree = "<group>"; };
		2B55BCC11AFF6C0C00FC2500 /* sbuffer.hpp */ = {isa = PBXFileReference; fileEncoding = 4; lastKnownFileType = sourcecode.cpp.h; path = sbuffer.hpp; sourceTree = "<group>"; };
		2B55BCC21AFF6C0C00FC2500 /* sysdep.h */ = {isa = PBXFileReference; fileEncoding = 4; lastKnownFileType = sourcecode.c.h; path = sysdep.h; sourceTree = "<group>"; };
		2B55BCC41AFF6C0C00FC2500 /* bool.hpp */ = {isa = PBXFileReference; fileEncoding = 4; lastKnownFileType = sourcecode.cpp.h; path = bool.hpp; sourceTree = "<group>"; };
		2B55BCC51AFF6C0C00FC2500 /* define.hpp */ = {isa = PBXFileReference; fileEncoding = 4; lastKnownFileType = sourcecode.cpp.h; path = define.hpp; sourceTree = "<group>"; };
		2B55BCC61AFF6C0C00FC2500 /* define.hpp.erb */ = {isa = PBXFileReference; fileEncoding = 4; lastKnownFileType = text; path = define.hpp.erb; sourceTree = "<group>"; };
		2B55BCC71AFF6C0C00FC2500 /* deque.hpp */ = {isa = PBXFileReference; fileEncoding = 4; lastKnownFileType = sourcecode.cpp.h; path = deque.hpp; sourceTree = "<group>"; };
		2B55BCC81AFF6C0C00FC2500 /* fixint.hpp */ = {isa = PBXFileReference; fileEncoding = 4; lastKnownFileType = sourcecode.cpp.h; path = fixint.hpp; sourceTree = "<group>"; };
		2B55BCC91AFF6C0C00FC2500 /* float.hpp */ = {isa = PBXFileReference; fileEncoding = 4; lastKnownFileType = sourcecode.cpp.h; path = float.hpp; sourceTree = "<group>"; };
		2B55BCCA1AFF6C0C00FC2500 /* int.hpp */ = {isa = PBXFileReference; fileEncoding = 4; lastKnownFileType = sourcecode.cpp.h; path = int.hpp; sourceTree = "<group>"; };
		2B55BCCB1AFF6C0C00FC2500 /* list.hpp */ = {isa = PBXFileReference; fileEncoding = 4; lastKnownFileType = sourcecode.cpp.h; path = list.hpp; sourceTree = "<group>"; };
		2B55BCCC1AFF6C0C00FC2500 /* map.hpp */ = {isa = PBXFileReference; fileEncoding = 4; lastKnownFileType = sourcecode.cpp.h; path = map.hpp; sourceTree = "<group>"; };
		2B55BCCD1AFF6C0C00FC2500 /* nil.hpp */ = {isa = PBXFileReference; fileEncoding = 4; lastKnownFileType = sourcecode.cpp.h; path = nil.hpp; sourceTree = "<group>"; };
		2B55BCCE1AFF6C0C00FC2500 /* pair.hpp */ = {isa = PBXFileReference; fileEncoding = 4; lastKnownFileType = sourcecode.cpp.h; path = pair.hpp; sourceTree = "<group>"; };
		2B55BCCF1AFF6C0C00FC2500 /* raw.hpp */ = {isa = PBXFileReference; fileEncoding = 4; lastKnownFileType = sourcecode.cpp.h; path = raw.hpp; sourceTree = "<group>"; };
		2B55BCD01AFF6C0C00FC2500 /* set.hpp */ = {isa = PBXFileReference; fileEncoding = 4; lastKnownFileType = sourcecode.cpp.h; path = set.hpp; sourceTree = "<group>"; };
		2B55BCD11AFF6C0C00FC2500 /* string.hpp */ = {isa = PBXFileReference; fileEncoding = 4; lastKnownFileType = sourcecode.cpp.h; path = string.hpp; sourceTree = "<group>"; };
		2B55BCD31AFF6C0C00FC2500 /* unordered_map.hpp */ = {isa = PBXFileReference; fileEncoding = 4; lastKnownFileType = sourcecode.cpp.h; path = unordered_map.hpp; sourceTree = "<group>"; };
		2B55BCD41AFF6C0C00FC2500 /* unordered_set.hpp */ = {isa = PBXFileReference; fileEncoding = 4; lastKnownFileType = sourcecode.cpp.h; path = unordered_set.hpp; sourceTree = "<group>"; };
		2B55BCD51AFF6C0C00FC2500 /* tuple.hpp */ = {isa = PBXFileReference; fileEncoding = 4; lastKnownFileType = sourcecode.cpp.h; path = tuple.hpp; sourceTree = "<group>"; };
		2B55BCD61AFF6C0C00FC2500 /* tuple.hpp.erb */ = {isa = PBXFileReference; fileEncoding = 4; lastKnownFileType = text; path = tuple.hpp.erb; sourceTree = "<group>"; };
		2B55BCD71AFF6C0C00FC2500 /* vector.hpp */ = {isa = PBXFileReference; fileEncoding = 4; lastKnownFileType = sourcecode.cpp.h; path = vector.hpp; sourceTree = "<group>"; };
		2B55BCD81AFF6C0C00FC2500 /* type.hpp */ = {isa = PBXFileReference; fileEncoding = 4; lastKnownFileType = sourcecode.cpp.h; path = type.hpp; sourceTree = "<group>"; };
		2B55BCD91AFF6C0C00FC2500 /* unpack.h */ = {isa = PBXFileReference; fileEncoding = 4; lastKnownFileType = sourcecode.c.h; path = unpack.h; sourceTree = "<group>"; };
		2B55BCDA1AFF6C0C00FC2500 /* unpack.hpp */ = {isa = PBXFileReference; fileEncoding = 4; lastKnownFileType = sourcecode.cpp.h; path = unpack.hpp; sourceTree = "<group>"; };
		2B55BCDB1AFF6C0C00FC2500 /* unpack_define.h */ = {isa = PBXFileReference; fileEncoding = 4; lastKnownFileType = sourcecode.c.h; path = unpack_define.h; sourceTree = "<group>"; };
		2B55BCDC1AFF6C0C00FC2500 /* unpack_template.h */ = {isa = PBXFileReference; fileEncoding = 4; lastKnownFileType = sourcecode.c.h; path = unpack_template.h; sourceTree = "<group>"; };
		2B55BCDD1AFF6C0C00FC2500 /* version.h */ = {isa = PBXFileReference; fileEncoding = 4; lastKnownFileType = sourcecode.c.h; path = version.h; sourceTree = "<group>"; };
		2B55BCDE1AFF6C0C00FC2500 /* version.h.in */ = {isa = PBXFileReference; fileEncoding = 4; lastKnownFileType = text; path = version.h.in; sourceTree = "<group>"; };
		2B55BCDF1AFF6C0C00FC2500 /* vrefbuffer.h */ = {isa = PBXFileReference; fileEncoding = 4; lastKnownFileType = sourcecode.c.h; path = vrefbuffer.h; sourceTree = "<group>"; };
		2B55BCE01AFF6C0C00FC2500 /* vrefbuffer.hpp */ = {isa = PBXFileReference; fileEncoding = 4; lastKnownFileType = sourcecode.cpp.h; path = vrefbuffer.hpp; sourceTree = "<group>"; };
		2B55BCE11AFF6C0C00FC2500 /* zbuffer.h */ = {isa = PBXFileReference; fileEncoding = 4; lastKnownFileType = sourcecode.c.h; path = zbuffer.h; sourceTree = "<group>"; };
		2B55BCE21AFF6C0C00FC2500 /* zbuffer.hpp */ = {isa = PBXFileReference; fileEncoding = 4; lastKnownFileType = sourcecode.cpp.h; path = zbuffer.hpp; sourceTree = "<group>"; };
		2B55BCE31AFF6C0C00FC2500 /* zone.h */ = {isa = PBXFileReference; fileEncoding = 4; lastKnownFileType = sourcecode.c.h; path = zone.h; sourceTree = "<group>"; };
		2B55BCE41AFF6C0C00FC2500 /* zone.hpp */ = {isa = PBXFileReference; fileEncoding = 4; lastKnownFileType = sourcecode.cpp.h; path = zone.hpp; sourceTree = "<group>"; };
		2B55BCE51AFF6C0C00FC2500 /* zone.hpp.erb */ = {isa = PBXFileReference; fileEncoding = 4; lastKnownFileType = text; path = zone.hpp.erb; sourceTree = "<group>"; };
		2B55BCE71AFF6C0C00FC2500 /* lua_objects.cpp */ = {isa = PBXFileReference; fileEncoding = 4; lastKnownFileType = sourcecode.cpp.cpp; path = lua_objects.cpp; sourceTree = "<group>"; };
		2B55BCE81AFF6C0C00FC2500 /* lua_objects.hpp */ = {isa = PBXFileReference; fileEncoding = 4; lastKnownFileType = sourcecode.cpp.h; path = lua_objects.hpp; sourceTree = "<group>"; };
		2B55BCE91AFF6C0C00FC2500 /* Makefile */ = {isa = PBXFileReference; fileEncoding = 4; lastKnownFileType = sourcecode.make; path = Makefile; sourceTree = "<group>"; };
		2B55BCEA1AFF6C0C00FC2500 /* msgpack.cpp */ = {isa = PBXFileReference; fileEncoding = 4; lastKnownFileType = sourcecode.cpp.cpp; path = msgpack.cpp; sourceTree = "<group>"; };
		2B55BCEB1AFF6C0C00FC2500 /* msgpack.h */ = {isa = PBXFileReference; fileEncoding = 4; lastKnownFileType = sourcecode.c.h; path = msgpack.h; sourceTree = "<group>"; };
		2B55BCEC1AFF6C0C00FC2500 /* msgpack.hpp */ = {isa = PBXFileReference; fileEncoding = 4; lastKnownFileType = sourcecode.cpp.h; path = msgpack.hpp; sourceTree = "<group>"; };
		2B55BCED1AFF6C0C00FC2500 /* object.cpp */ = {isa = PBXFileReference; fileEncoding = 4; lastKnownFileType = sourcecode.cpp.cpp; path = object.cpp; sourceTree = "<group>"; };
		2B55BCEE1AFF6C0C00FC2500 /* objectc.c */ = {isa = PBXFileReference; fileEncoding = 4; lastKnownFileType = sourcecode.c.c; path = objectc.c; sourceTree = "<group>"; };
		2B55BCEF1AFF6C0C00FC2500 /* packer.cpp */ = {isa = PBXFileReference; fileEncoding = 4; lastKnownFileType = sourcecode.cpp.cpp; path = packer.cpp; sourceTree = "<group>"; };
		2B55BCF01AFF6C0C00FC2500 /* packer.hpp */ = {isa = PBXFileReference; fileEncoding = 4; lastKnownFileType = sourcecode.cpp.h; path = packer.hpp; sourceTree = "<group>"; };
		2B55BCF11AFF6C0C00FC2500 /* packer_impl.cpp */ = {isa = PBXFileReference; fileEncoding = 4; lastKnownFileType = sourcecode.cpp.cpp; path = packer_impl.cpp; sourceTree = "<group>"; };
		2B55BCF21AFF6C0C00FC2500 /* packer_impl.hpp */ = {isa = PBXFileReference; fileEncoding = 4; lastKnownFileType = sourcecode.cpp.h; path = packer_impl.hpp; sourceTree = "<group>"; };
		2B55BCF31AFF6C0C00FC2500 /* unpack.c */ = {isa = PBXFileReference; fileEncoding = 4; lastKnownFileType = sourcecode.c.c; path = unpack.c; sourceTree = "<group>"; };
		2B55BCF41AFF6C0C00FC2500 /* unpacker.cpp */ = {isa = PBXFileReference; fileEncoding = 4; lastKnownFileType = sourcecode.cpp.cpp; path = unpacker.cpp; sourceTree = "<group>"; };
		2B55BCF51AFF6C0C00FC2500 /* unpacker.hpp */ = {isa = PBXFileReference; fileEncoding = 4; lastKnownFileType = sourcecode.cpp.h; path = unpacker.hpp; sourceTree = "<group>"; };
		2B55BCF61AFF6C0C00FC2500 /* vector.c */ = {isa = PBXFileReference; fileEncoding = 4; lastKnownFileType = sourcecode.c.c; path = vector.c; sourceTree = "<group>"; };
		2B55BCF71AFF6C0C00FC2500 /* vector.h */ = {isa = PBXFileReference; fileEncoding = 4; lastKnownFileType = sourcecode.c.h; path = vector.h; sourceTree = "<group>"; };
		2B55BCF81AFF6C0C00FC2500 /* version.c */ = {isa = PBXFileReference; fileEncoding = 4; lastKnownFileType = sourcecode.c.c; path = version.c; sourceTree = "<group>"; };
		2B55BCF91AFF6C0C00FC2500 /* vrefbuffer.c */ = {isa = PBXFileReference; fileEncoding = 4; lastKnownFileType = sourcecode.c.c; path = vrefbuffer.c; sourceTree = "<group>"; };
		2B55BCFA1AFF6C0C00FC2500 /* zone.c */ = {isa = PBXFileReference; fileEncoding = 4; lastKnownFileType = sourcecode.c.c; path = zone.c; sourceTree = "<group>"; };
		2B55BD081AFF6C0C00FC2500 /* sqlite3.h */ = {isa = PBXFileReference; fileEncoding = 4; lastKnownFileType = sourcecode.c.h; path = sqlite3.h; sourceTree = "<group>"; };
		2B55BD091AFF6C0C00FC2500 /* sqlite3ext.h */ = {isa = PBXFileReference; fileEncoding = 4; lastKnownFileType = sourcecode.c.h; path = sqlite3ext.h; sourceTree = "<group>"; };
		2B55BD0A1AFF6C0C00FC2500 /* sqlite3secure.c */ = {isa = PBXFileReference; fileEncoding = 4; lastKnownFileType = sourcecode.c.c; path = sqlite3secure.c; sourceTree = "<group>"; };
		2B55BD521AFF6C2200FC2500 /* LuaBridgeUtils.cpp */ = {isa = PBXFileReference; fileEncoding = 4; lastKnownFileType = sourcecode.cpp.cpp; path = LuaBridgeUtils.cpp; sourceTree = "<group>"; };
		2B55BD531AFF6C2200FC2500 /* LuaBridgeUtils.h */ = {isa = PBXFileReference; fileEncoding = 4; lastKnownFileType = sourcecode.c.h; path = LuaBridgeUtils.h; sourceTree = "<group>"; };
		2B55BD581AFF6C8200FC2500 /* lua_custlua_auto_api.lua */ = {isa = PBXFileReference; fileEncoding = 4; lastKnownFileType = text; path = lua_custlua_auto_api.lua; sourceTree = "<group>"; };
		2B55BD591AFF6C8200FC2500 /* LuaBridgeUtils.lua */ = {isa = PBXFileReference; fileEncoding = 4; lastKnownFileType = text; path = LuaBridgeUtils.lua; sourceTree = "<group>"; };
		2B55BD5A1AFF6C8200FC2500 /* lua_custlua_auto.cpp */ = {isa = PBXFileReference; fileEncoding = 4; lastKnownFileType = sourcecode.cpp.cpp; path = lua_custlua_auto.cpp; sourceTree = "<group>"; };
		2B55BD5B1AFF6C8200FC2500 /* lua_custlua_auto.hpp */ = {isa = PBXFileReference; fileEncoding = 4; lastKnownFileType = sourcecode.cpp.h; path = lua_custlua_auto.hpp; sourceTree = "<group>"; };
		3EB51526195187AF006966AA /* CFNetwork.framework */ = {isa = PBXFileReference; lastKnownFileType = wrapper.framework; name = CFNetwork.framework; path = System/Library/Frameworks/CFNetwork.framework; sourceTree = SDKROOT; };
		3EEEDB60197107C0006A9FF8 /* MediaPlayer.framework */ = {isa = PBXFileReference; lastKnownFileType = wrapper.framework; name = MediaPlayer.framework; path = Platforms/iPhoneOS.platform/Developer/SDKs/iPhoneOS7.1.sdk/System/Library/Frameworks/MediaPlayer.framework; sourceTree = DEVELOPER_DIR; };
		5023810717EBBCAC00990C9B /* AppController.h */ = {isa = PBXFileReference; fileEncoding = 4; lastKnownFileType = sourcecode.c.h; path = AppController.h; sourceTree = "<group>"; };
		5023810817EBBCAC00990C9B /* AppController.mm */ = {isa = PBXFileReference; fileEncoding = 4; lastKnownFileType = sourcecode.cpp.objcpp; path = AppController.mm; sourceTree = "<group>"; };
		5023810917EBBCAC00990C9B /* Default-568h@2x.png */ = {isa = PBXFileReference; lastKnownFileType = image.png; path = "Default-568h@2x.png"; sourceTree = "<group>"; };
		5023810A17EBBCAC00990C9B /* Default.png */ = {isa = PBXFileReference; lastKnownFileType = image.png; path = Default.png; sourceTree = "<group>"; };
		5023810B17EBBCAC00990C9B /* Default@2x.png */ = {isa = PBXFileReference; lastKnownFileType = image.png; path = "Default@2x.png"; sourceTree = "<group>"; };
		5023810C17EBBCAC00990C9B /* Icon-114.png */ = {isa = PBXFileReference; lastKnownFileType = image.png; path = "Icon-114.png"; sourceTree = "<group>"; };
		5023810D17EBBCAC00990C9B /* Icon-120.png */ = {isa = PBXFileReference; lastKnownFileType = image.png; path = "Icon-120.png"; sourceTree = "<group>"; };
		5023810E17EBBCAC00990C9B /* Icon-144.png */ = {isa = PBXFileReference; lastKnownFileType = image.png; path = "Icon-144.png"; sourceTree = "<group>"; };
		5023810F17EBBCAC00990C9B /* Icon-152.png */ = {isa = PBXFileReference; lastKnownFileType = image.png; path = "Icon-152.png"; sourceTree = "<group>"; };
		5023811017EBBCAC00990C9B /* Icon-57.png */ = {isa = PBXFileReference; lastKnownFileType = image.png; path = "Icon-57.png"; sourceTree = "<group>"; };
		5023811117EBBCAC00990C9B /* Icon-72.png */ = {isa = PBXFileReference; lastKnownFileType = image.png; path = "Icon-72.png"; sourceTree = "<group>"; };
		5023811217EBBCAC00990C9B /* Icon-76.png */ = {isa = PBXFileReference; lastKnownFileType = image.png; path = "Icon-76.png"; sourceTree = "<group>"; };
		5023811317EBBCAC00990C9B /* Info.plist */ = {isa = PBXFileReference; fileEncoding = 4; lastKnownFileType = text.plist.xml; path = Info.plist; sourceTree = "<group>"; };
		5023811417EBBCAC00990C9B /* main.m */ = {isa = PBXFileReference; fileEncoding = 4; lastKnownFileType = sourcecode.c.objc; path = main.m; sourceTree = "<group>"; };
		5023811517EBBCAC00990C9B /* Prefix.pch */ = {isa = PBXFileReference; fileEncoding = 4; lastKnownFileType = sourcecode.c.h; path = Prefix.pch; sourceTree = "<group>"; };
		5023811617EBBCAC00990C9B /* RootViewController.h */ = {isa = PBXFileReference; fileEncoding = 4; lastKnownFileType = sourcecode.c.h; path = RootViewController.h; sourceTree = "<group>"; };
		5023811717EBBCAC00990C9B /* RootViewController.mm */ = {isa = PBXFileReference; fileEncoding = 4; lastKnownFileType = sourcecode.cpp.objcpp; path = RootViewController.mm; sourceTree = "<group>"; };
		5023816B17EBBCE400990C9B /* game_client Mac.app */ = {isa = PBXFileReference; explicitFileType = wrapper.application; includeInIndex = 0; path = "game_client Mac.app"; sourceTree = BUILT_PRODUCTS_DIR; };
		5023817217EBBE3400990C9B /* Icon.icns */ = {isa = PBXFileReference; lastKnownFileType = image.icns; path = Icon.icns; sourceTree = "<group>"; };
		5023817317EBBE3400990C9B /* Info.plist */ = {isa = PBXFileReference; fileEncoding = 4; lastKnownFileType = text.plist.xml; path = Info.plist; sourceTree = "<group>"; };
		5023817517EBBE3400990C9B /* Prefix.pch */ = {isa = PBXFileReference; fileEncoding = 4; lastKnownFileType = sourcecode.c.h; path = Prefix.pch; sourceTree = "<group>"; };
		5023817917EBBE8300990C9B /* OpenGLES.framework */ = {isa = PBXFileReference; lastKnownFileType = wrapper.framework; name = OpenGLES.framework; path = Platforms/iPhoneOS.platform/Developer/SDKs/iPhoneOS7.0.sdk/System/Library/Frameworks/OpenGLES.framework; sourceTree = DEVELOPER_DIR; };
		50805AAE17EBBEAA004CFAD3 /* UIKit.framework */ = {isa = PBXFileReference; lastKnownFileType = wrapper.framework; name = UIKit.framework; path = Platforms/iPhoneOS.platform/Developer/SDKs/iPhoneOS7.0.sdk/System/Library/Frameworks/UIKit.framework; sourceTree = DEVELOPER_DIR; };
		5091733017ECE17A00D62437 /* Icon-29.png */ = {isa = PBXFileReference; lastKnownFileType = image.png; path = "Icon-29.png"; sourceTree = "<group>"; };
		5091733117ECE17A00D62437 /* Icon-40.png */ = {isa = PBXFileReference; lastKnownFileType = image.png; path = "Icon-40.png"; sourceTree = "<group>"; };
		5091733217ECE17A00D62437 /* Icon-50.png */ = {isa = PBXFileReference; lastKnownFileType = image.png; path = "Icon-50.png"; sourceTree = "<group>"; };
		5091733317ECE17A00D62437 /* Icon-58.png */ = {isa = PBXFileReference; lastKnownFileType = image.png; path = "Icon-58.png"; sourceTree = "<group>"; };
		5091733417ECE17A00D62437 /* Icon-80.png */ = {isa = PBXFileReference; lastKnownFileType = image.png; path = "Icon-80.png"; sourceTree = "<group>"; };
		5091733517ECE17A00D62437 /* Icon-100.png */ = {isa = PBXFileReference; lastKnownFileType = image.png; path = "Icon-100.png"; sourceTree = "<group>"; };
		50D7C96B17EBBEDF005D0B91 /* OpenGL.framework */ = {isa = PBXFileReference; lastKnownFileType = wrapper.framework; name = OpenGL.framework; path = System/Library/Frameworks/OpenGL.framework; sourceTree = SDKROOT; };
		50D7C96D17EBBEE6005D0B91 /* AppKit.framework */ = {isa = PBXFileReference; lastKnownFileType = wrapper.framework; name = AppKit.framework; path = System/Library/Frameworks/AppKit.framework; sourceTree = SDKROOT; };
		50D7C96F17EBBEEC005D0B91 /* IOKit.framework */ = {isa = PBXFileReference; lastKnownFileType = wrapper.framework; name = IOKit.framework; path = System/Library/Frameworks/IOKit.framework; sourceTree = SDKROOT; };
		5200BEC91A53D9A500AC45E4 /* Security.framework */ = {isa = PBXFileReference; lastKnownFileType = wrapper.framework; name = Security.framework; path = Platforms/iPhoneOS.platform/Developer/SDKs/iPhoneOS8.1.sdk/System/Library/Frameworks/Security.framework; sourceTree = DEVELOPER_DIR; };
		521A8E6E19F0C3D200D177D7 /* Default-667h@2x.png */ = {isa = PBXFileReference; lastKnownFileType = image.png; path = "Default-667h@2x.png"; sourceTree = "<group>"; };
		521A8E6F19F0C3D200D177D7 /* Default-736h@3x.png */ = {isa = PBXFileReference; lastKnownFileType = image.png; path = "Default-736h@3x.png"; sourceTree = "<group>"; };
		9FC7603F1A67791200D1E6E7 /* CodeIDESupport.h */ = {isa = PBXFileReference; fileEncoding = 4; lastKnownFileType = sourcecode.c.h; path = CodeIDESupport.h; sourceTree = "<group>"; };
		9FC760401A67791200D1E6E7 /* lang */ = {isa = PBXFileReference; fileEncoding = 4; lastKnownFileType = text; path = lang; sourceTree = "<group>"; };
		9FC760411A67791200D1E6E7 /* SimpleConfigParser.cpp */ = {isa = PBXFileReference; fileEncoding = 4; lastKnownFileType = sourcecode.cpp.cpp; path = SimpleConfigParser.cpp; sourceTree = "<group>"; };
		9FC760421A67791200D1E6E7 /* SimpleConfigParser.h */ = {isa = PBXFileReference; fileEncoding = 4; lastKnownFileType = sourcecode.c.h; path = SimpleConfigParser.h; sourceTree = "<group>"; };
		9FF504781A5E86D600AFDA55 /* libsimulator.xcodeproj */ = {isa = PBXFileReference; lastKnownFileType = "wrapper.pb-project"; name = libsimulator.xcodeproj; path = "../../cocos2d-x/tools/simulator/libsimulator/proj.ios_mac/libsimulator.xcodeproj"; sourceTree = "<group>"; };
		9FF504811A5E87B100AFDA55 /* ConsoleWindow.xib */ = {isa = PBXFileReference; fileEncoding = 4; lastKnownFileType = file.xib; path = ConsoleWindow.xib; sourceTree = "<group>"; };
		9FF504821A5E87B100AFDA55 /* ConsoleWindowController.h */ = {isa = PBXFileReference; fileEncoding = 4; lastKnownFileType = sourcecode.c.h; path = ConsoleWindowController.h; sourceTree = "<group>"; };
		9FF504831A5E87B100AFDA55 /* ConsoleWindowController.m */ = {isa = PBXFileReference; fileEncoding = 4; lastKnownFileType = sourcecode.c.objc; path = ConsoleWindowController.m; sourceTree = "<group>"; };
		9FFC07351A4A764100AED399 /* Base */ = {isa = PBXFileReference; lastKnownFileType = file.xib; name = Base; path = Base.lproj/MainMenu.xib; sourceTree = "<group>"; };
		9FFC07371A4A765100AED399 /* zh-Hans */ = {isa = PBXFileReference; lastKnownFileType = file.xib; name = "zh-Hans"; path = "zh-Hans.lproj/MainMenu.xib"; sourceTree = "<group>"; };
		9FFE009B1ACCF59E00D6E35A /* lua_debugger.c */ = {isa = PBXFileReference; fileEncoding = 4; lastKnownFileType = sourcecode.c.c; path = lua_debugger.c; sourceTree = "<group>"; };
		9FFE009C1ACCF59E00D6E35A /* lua_debugger.h */ = {isa = PBXFileReference; fileEncoding = 4; lastKnownFileType = sourcecode.c.h; path = lua_debugger.h; sourceTree = "<group>"; };
		9FFE009D1ACCF59E00D6E35A /* RuntimeLuaImpl.cpp */ = {isa = PBXFileReference; fileEncoding = 4; lastKnownFileType = sourcecode.cpp.cpp; path = RuntimeLuaImpl.cpp; sourceTree = "<group>"; };
		9FFE009E1ACCF59E00D6E35A /* RuntimeLuaImpl.h */ = {isa = PBXFileReference; fileEncoding = 4; lastKnownFileType = sourcecode.c.h; path = RuntimeLuaImpl.h; sourceTree = "<group>"; };
		C03781AE18BF654500FE4F13 /* cocos2d_lua_bindings.xcodeproj */ = {isa = PBXFileReference; lastKnownFileType = "wrapper.pb-project"; name = cocos2d_lua_bindings.xcodeproj; path = "../../cocos2d-x/cocos/scripting/lua-bindings/proj.ios_mac/cocos2d_lua_bindings.xcodeproj"; sourceTree = "<group>"; };
		C03781B718BF655400FE4F13 /* res */ = {isa = PBXFileReference; lastKnownFileType = folder; name = res; path = ../../../res; sourceTree = "<group>"; };
		C03781B818BF655400FE4F13 /* src */ = {isa = PBXFileReference; lastKnownFileType = folder; name = src; path = ../../../src; sourceTree = "<group>"; };
		C05D1C111923449100B808A4 /* config.json */ = {isa = PBXFileReference; fileEncoding = 4; lastKnownFileType = text.json; name = config.json; path = ../../../config.json; sourceTree = "<group>"; };
		C07828F418B4D72E00BD2287 /* main.m */ = {isa = PBXFileReference; fileEncoding = 4; lastKnownFileType = sourcecode.c.objc; path = main.m; sourceTree = "<group>"; };
		C07828F618B4D72E00BD2287 /* SimulatorApp.h */ = {isa = PBXFileReference; fileEncoding = 4; lastKnownFileType = sourcecode.c.h; path = SimulatorApp.h; sourceTree = "<group>"; };
		C07828F718B4D72E00BD2287 /* SimulatorApp.mm */ = {isa = PBXFileReference; fileEncoding = 4; lastKnownFileType = sourcecode.cpp.objcpp; path = SimulatorApp.mm; sourceTree = "<group>"; };
		D6B061341803AC000077942B /* CoreMotion.framework */ = {isa = PBXFileReference; lastKnownFileType = wrapper.framework; name = CoreMotion.framework; path = Platforms/iPhoneOS.platform/Developer/SDKs/iPhoneOS7.0.sdk/System/Library/Frameworks/CoreMotion.framework; sourceTree = DEVELOPER_DIR; };
		DA9E7D871AB1ABCC004B27C8 /* Security.framework */ = {isa = PBXFileReference; lastKnownFileType = wrapper.framework; name = Security.framework; path = System/Library/Frameworks/Security.framework; sourceTree = SDKROOT; };
		F293B3C815EB7BE500256477 /* game_client iOS.app */ = {isa = PBXFileReference; explicitFileType = wrapper.application; includeInIndex = 0; path = "game_client iOS.app"; sourceTree = BUILT_PRODUCTS_DIR; };
		F293B3CC15EB7BE500256477 /* QuartzCore.framework */ = {isa = PBXFileReference; lastKnownFileType = wrapper.framework; name = QuartzCore.framework; path = System/Library/Frameworks/QuartzCore.framework; sourceTree = SDKROOT; };
		F293B3CE15EB7BE500256477 /* OpenGLES.framework */ = {isa = PBXFileReference; lastKnownFileType = wrapper.framework; name = OpenGLES.framework; path = System/Library/Frameworks/OpenGLES.framework; sourceTree = SDKROOT; };
		F293B3D015EB7BE500256477 /* OpenAL.framework */ = {isa = PBXFileReference; lastKnownFileType = wrapper.framework; name = OpenAL.framework; path = System/Library/Frameworks/OpenAL.framework; sourceTree = SDKROOT; };
		F293B3D215EB7BE500256477 /* AudioToolbox.framework */ = {isa = PBXFileReference; lastKnownFileType = wrapper.framework; name = AudioToolbox.framework; path = System/Library/Frameworks/AudioToolbox.framework; sourceTree = SDKROOT; };
		F293B3D415EB7BE500256477 /* AVFoundation.framework */ = {isa = PBXFileReference; lastKnownFileType = wrapper.framework; name = AVFoundation.framework; path = System/Library/Frameworks/AVFoundation.framework; sourceTree = SDKROOT; };
		F293B3D615EB7BE500256477 /* UIKit.framework */ = {isa = PBXFileReference; lastKnownFileType = wrapper.framework; name = UIKit.framework; path = System/Library/Frameworks/UIKit.framework; sourceTree = SDKROOT; };
		F293B3D815EB7BE500256477 /* Foundation.framework */ = {isa = PBXFileReference; lastKnownFileType = wrapper.framework; name = Foundation.framework; path = System/Library/Frameworks/Foundation.framework; sourceTree = SDKROOT; };
		F293B3DA15EB7BE500256477 /* CoreGraphics.framework */ = {isa = PBXFileReference; lastKnownFileType = wrapper.framework; name = CoreGraphics.framework; path = System/Library/Frameworks/CoreGraphics.framework; sourceTree = SDKROOT; };
		F293BB7E15EB831F00256477 /* AppDelegate.cpp */ = {isa = PBXFileReference; fileEncoding = 4; lastKnownFileType = sourcecode.cpp.cpp; name = AppDelegate.cpp; path = ../Classes/AppDelegate.cpp; sourceTree = "<group>"; };
		F293BB7F15EB831F00256477 /* AppDelegate.h */ = {isa = PBXFileReference; fileEncoding = 4; lastKnownFileType = sourcecode.c.h; name = AppDelegate.h; path = ../Classes/AppDelegate.h; sourceTree = "<group>"; };
/* End PBXFileReference section */

/* Begin PBXFrameworksBuildPhase section */
		5023813617EBBCE400990C9B /* Frameworks */ = {
			isa = PBXFrameworksBuildPhase;
			buildActionMask = 2147483647;
			files = (
				DA9E7D881AB1ABCC004B27C8 /* Security.framework in Frameworks */,
				9FF504861A5E881200AFDA55 /* libsimulator Mac.a in Frameworks */,
				15427CEE198F24AF00DC375D /* libcocos2d Mac.a in Frameworks */,
				15427CEC198F24A600DC375D /* libluacocos2d Mac.a in Frameworks */,
				15A8A4881834C90F00142BE0 /* libcurl.dylib in Frameworks */,
				50D7C97017EBBEEC005D0B91 /* IOKit.framework in Frameworks */,
				50D7C96E17EBBEE6005D0B91 /* AppKit.framework in Frameworks */,
				50D7C96C17EBBEDF005D0B91 /* OpenGL.framework in Frameworks */,
				5023813717EBBCE400990C9B /* libz.dylib in Frameworks */,
				5023813E17EBBCE400990C9B /* QuartzCore.framework in Frameworks */,
				5023814017EBBCE400990C9B /* OpenAL.framework in Frameworks */,
				5023814117EBBCE400990C9B /* AudioToolbox.framework in Frameworks */,
				5023814417EBBCE400990C9B /* Foundation.framework in Frameworks */,
				5023814517EBBCE400990C9B /* CoreGraphics.framework in Frameworks */,
			);
			runOnlyForDeploymentPostprocessing = 0;
		};
		F293B3C515EB7BE500256477 /* Frameworks */ = {
			isa = PBXFrameworksBuildPhase;
			buildActionMask = 2147483647;
			files = (
				9FF504871A5E88CE00AFDA55 /* libsimulator iOS.a in Frameworks */,
				5200BECA1A53D9A500AC45E4 /* Security.framework in Frameworks */,
				15427CD5198F222200DC375D /* libluacocos2d iOS.a in Frameworks */,
				15427CD3198F221400DC375D /* libcocos2d iOS.a in Frameworks */,
				3EEEDB61197107C0006A9FF8 /* MediaPlayer.framework in Frameworks */,
				D6B061351803AC000077942B /* CoreMotion.framework in Frameworks */,
				1AF4C403178663F200122817 /* libz.dylib in Frameworks */,
				50805AAF17EBBEAA004CFAD3 /* UIKit.framework in Frameworks */,
				5023817A17EBBE8300990C9B /* OpenGLES.framework in Frameworks */,
				F293B3CD15EB7BE500256477 /* QuartzCore.framework in Frameworks */,
				F293B3D115EB7BE500256477 /* OpenAL.framework in Frameworks */,
				F293B3D315EB7BE500256477 /* AudioToolbox.framework in Frameworks */,
				F293B3D515EB7BE500256477 /* AVFoundation.framework in Frameworks */,
				F293B3D915EB7BE500256477 /* Foundation.framework in Frameworks */,
				F293B3DB15EB7BE500256477 /* CoreGraphics.framework in Frameworks */,
			);
			runOnlyForDeploymentPostprocessing = 0;
		};
/* End PBXFrameworksBuildPhase section */

/* Begin PBXGroup section */
		15A8A4041834BDA200142BE0 /* Products */ = {
			isa = PBXGroup;
			children = (
				15A8A4171834BDA200142BE0 /* libcocos2d Mac.a */,
				15A8A4251834BDA200142BE0 /* libcocos2d iOS.a */,
			);
			name = Products;
			sourceTree = "<group>";
		};
		2B55BC9C1AFF6C0C00FC2500 /* plugins */ = {
			isa = PBXGroup;
			children = (
				2B55BC9D1AFF6C0C00FC2500 /* cjson */,
				2B55BCA41AFF6C0C00FC2500 /* crypto */,
				2B55BCB01AFF6C0C00FC2500 /* lsqlite3 */,
				2B55BCB31AFF6C0C00FC2500 /* lua.hpp */,
				2B55BCB41AFF6C0C00FC2500 /* lua_register */,
				2B55BCB71AFF6C0C00FC2500 /* msgpack */,
				2B55BCE61AFF6C0C00FC2500 /* orig_mplua */,
				2B55BCFB1AFF6C0C00FC2500 /* wxsqlite3 */,
			);
			name = plugins;
			path = ../plugins;
			sourceTree = "<group>";
		};
		2B55BC9D1AFF6C0C00FC2500 /* cjson */ = {
			isa = PBXGroup;
			children = (
				2B55BC9E1AFF6C0C00FC2500 /* fpconv.c */,
				2B55BC9F1AFF6C0C00FC2500 /* fpconv.h */,
				2B55BCA01AFF6C0C00FC2500 /* lua_cjson.c */,
				2B55BCA11AFF6C0C00FC2500 /* lua_cjson.h */,
				2B55BCA21AFF6C0C00FC2500 /* strbuf.c */,
				2B55BCA31AFF6C0C00FC2500 /* strbuf.h */,
			);
			path = cjson;
			sourceTree = "<group>";
		};
		2B55BCA41AFF6C0C00FC2500 /* crypto */ = {
			isa = PBXGroup;
			children = (
				2B55BCA51AFF6C0C00FC2500 /* base64 */,
				2B55BCA81AFF6C0C00FC2500 /* CCCrypto.cpp */,
				2B55BCA91AFF6C0C00FC2500 /* CCCrypto.h */,
				2B55BCAA1AFF6C0C00FC2500 /* md5 */,
				2B55BCAD1AFF6C0C00FC2500 /* sha1 */,
			);
			path = crypto;
			sourceTree = "<group>";
		};
		2B55BCA51AFF6C0C00FC2500 /* base64 */ = {
			isa = PBXGroup;
			children = (
				2B55BCA61AFF6C0C00FC2500 /* libb64.c */,
				2B55BCA71AFF6C0C00FC2500 /* libb64.h */,
			);
			path = base64;
			sourceTree = "<group>";
		};
		2B55BCAA1AFF6C0C00FC2500 /* md5 */ = {
			isa = PBXGroup;
			children = (
				2B55BCAB1AFF6C0C00FC2500 /* md5.c */,
				2B55BCAC1AFF6C0C00FC2500 /* md5.h */,
			);
			path = md5;
			sourceTree = "<group>";
		};
		2B55BCAD1AFF6C0C00FC2500 /* sha1 */ = {
			isa = PBXGroup;
			children = (
				2B55BCAE1AFF6C0C00FC2500 /* sha1.cpp */,
				2B55BCAF1AFF6C0C00FC2500 /* sha1.h */,
			);
			path = sha1;
			sourceTree = "<group>";
		};
		2B55BCB01AFF6C0C00FC2500 /* lsqlite3 */ = {
			isa = PBXGroup;
			children = (
				2B55BCB11AFF6C0C00FC2500 /* lsqlite3.c */,
				2B55BCB21AFF6C0C00FC2500 /* lsqlite3.h */,
			);
			path = lsqlite3;
			sourceTree = "<group>";
		};
		2B55BCB41AFF6C0C00FC2500 /* lua_register */ = {
			isa = PBXGroup;
			children = (
				2B55BCB51AFF6C0C00FC2500 /* lua_regist.c */,
				2B55BCB61AFF6C0C00FC2500 /* lua_regist.h */,
			);
			path = lua_register;
			sourceTree = "<group>";
		};
		2B55BCB71AFF6C0C00FC2500 /* msgpack */ = {
			isa = PBXGroup;
			children = (
				2B55BCB81AFF6C0C00FC2500 /* fbuffer.h */,
				2B55BCB91AFF6C0C00FC2500 /* fbuffer.hpp */,
				2B55BCBA1AFF6C0C00FC2500 /* object.h */,
				2B55BCBB1AFF6C0C00FC2500 /* object.hpp */,
				2B55BCBC1AFF6C0C00FC2500 /* pack.h */,
				2B55BCBD1AFF6C0C00FC2500 /* pack.hpp */,
				2B55BCBE1AFF6C0C00FC2500 /* pack_define.h */,
				2B55BCBF1AFF6C0C00FC2500 /* pack_template.h */,
				2B55BCC01AFF6C0C00FC2500 /* sbuffer.h */,
				2B55BCC11AFF6C0C00FC2500 /* sbuffer.hpp */,
				2B55BCC21AFF6C0C00FC2500 /* sysdep.h */,
				2B55BCC31AFF6C0C00FC2500 /* type */,
				2B55BCD81AFF6C0C00FC2500 /* type.hpp */,
				2B55BCD91AFF6C0C00FC2500 /* unpack.h */,
				2B55BCDA1AFF6C0C00FC2500 /* unpack.hpp */,
				2B55BCDB1AFF6C0C00FC2500 /* unpack_define.h */,
				2B55BCDC1AFF6C0C00FC2500 /* unpack_template.h */,
				2B55BCDD1AFF6C0C00FC2500 /* version.h */,
				2B55BCDE1AFF6C0C00FC2500 /* version.h.in */,
				2B55BCDF1AFF6C0C00FC2500 /* vrefbuffer.h */,
				2B55BCE01AFF6C0C00FC2500 /* vrefbuffer.hpp */,
				2B55BCE11AFF6C0C00FC2500 /* zbuffer.h */,
				2B55BCE21AFF6C0C00FC2500 /* zbuffer.hpp */,
				2B55BCE31AFF6C0C00FC2500 /* zone.h */,
				2B55BCE41AFF6C0C00FC2500 /* zone.hpp */,
				2B55BCE51AFF6C0C00FC2500 /* zone.hpp.erb */,
			);
			path = msgpack;
			sourceTree = "<group>";
		};
		2B55BCC31AFF6C0C00FC2500 /* type */ = {
			isa = PBXGroup;
			children = (
				2B55BCC41AFF6C0C00FC2500 /* bool.hpp */,
				2B55BCC51AFF6C0C00FC2500 /* define.hpp */,
				2B55BCC61AFF6C0C00FC2500 /* define.hpp.erb */,
				2B55BCC71AFF6C0C00FC2500 /* deque.hpp */,
				2B55BCC81AFF6C0C00FC2500 /* fixint.hpp */,
				2B55BCC91AFF6C0C00FC2500 /* float.hpp */,
				2B55BCCA1AFF6C0C00FC2500 /* int.hpp */,
				2B55BCCB1AFF6C0C00FC2500 /* list.hpp */,
				2B55BCCC1AFF6C0C00FC2500 /* map.hpp */,
				2B55BCCD1AFF6C0C00FC2500 /* nil.hpp */,
				2B55BCCE1AFF6C0C00FC2500 /* pair.hpp */,
				2B55BCCF1AFF6C0C00FC2500 /* raw.hpp */,
				2B55BCD01AFF6C0C00FC2500 /* set.hpp */,
				2B55BCD11AFF6C0C00FC2500 /* string.hpp */,
				2B55BCD21AFF6C0C00FC2500 /* tr1 */,
				2B55BCD51AFF6C0C00FC2500 /* tuple.hpp */,
				2B55BCD61AFF6C0C00FC2500 /* tuple.hpp.erb */,
				2B55BCD71AFF6C0C00FC2500 /* vector.hpp */,
			);
			path = type;
			sourceTree = "<group>";
		};
		2B55BCD21AFF6C0C00FC2500 /* tr1 */ = {
			isa = PBXGroup;
			children = (
				2B55BCD31AFF6C0C00FC2500 /* unordered_map.hpp */,
				2B55BCD41AFF6C0C00FC2500 /* unordered_set.hpp */,
			);
			path = tr1;
			sourceTree = "<group>";
		};
		2B55BCE61AFF6C0C00FC2500 /* orig_mplua */ = {
			isa = PBXGroup;
			children = (
				2B55BCE71AFF6C0C00FC2500 /* lua_objects.cpp */,
				2B55BCE81AFF6C0C00FC2500 /* lua_objects.hpp */,
				2B55BCE91AFF6C0C00FC2500 /* Makefile */,
				2B55BCEA1AFF6C0C00FC2500 /* msgpack.cpp */,
				2B55BCEB1AFF6C0C00FC2500 /* msgpack.h */,
				2B55BCEC1AFF6C0C00FC2500 /* msgpack.hpp */,
				2B55BCED1AFF6C0C00FC2500 /* object.cpp */,
				2B55BCEE1AFF6C0C00FC2500 /* objectc.c */,
				2B55BCEF1AFF6C0C00FC2500 /* packer.cpp */,
				2B55BCF01AFF6C0C00FC2500 /* packer.hpp */,
				2B55BCF11AFF6C0C00FC2500 /* packer_impl.cpp */,
				2B55BCF21AFF6C0C00FC2500 /* packer_impl.hpp */,
				2B55BCF31AFF6C0C00FC2500 /* unpack.c */,
				2B55BCF41AFF6C0C00FC2500 /* unpacker.cpp */,
				2B55BCF51AFF6C0C00FC2500 /* unpacker.hpp */,
				2B55BCF61AFF6C0C00FC2500 /* vector.c */,
				2B55BCF71AFF6C0C00FC2500 /* vector.h */,
				2B55BCF81AFF6C0C00FC2500 /* version.c */,
				2B55BCF91AFF6C0C00FC2500 /* vrefbuffer.c */,
				2B55BCFA1AFF6C0C00FC2500 /* zone.c */,
			);
			path = orig_mplua;
			sourceTree = "<group>";
		};
		2B55BCFB1AFF6C0C00FC2500 /* wxsqlite3 */ = {
			isa = PBXGroup;
			children = (
				2B55BCFD1AFF6C0C00FC2500 /* src */,
			);
			path = wxsqlite3;
			sourceTree = "<group>";
		};
		2B55BCFD1AFF6C0C00FC2500 /* src */ = {
			isa = PBXGroup;
			children = (
				2B55BD081AFF6C0C00FC2500 /* sqlite3.h */,
				2B55BD091AFF6C0C00FC2500 /* sqlite3ext.h */,
				2B55BD0A1AFF6C0C00FC2500 /* sqlite3secure.c */,
			);
			path = src;
			sourceTree = "<group>";
		};
		2B55BD511AFF6C2200FC2500 /* lua_bridge */ = {
			isa = PBXGroup;
			children = (
				2B55BD521AFF6C2200FC2500 /* LuaBridgeUtils.cpp */,
				2B55BD531AFF6C2200FC2500 /* LuaBridgeUtils.h */,
			);
			name = lua_bridge;
			path = ../Classes/lua_bridge;
			sourceTree = "<group>";
		};
		2B55BD561AFF6C8200FC2500 /* lua-auto-binding */ = {
			isa = PBXGroup;
			children = (
				2B55BD571AFF6C8200FC2500 /* api */,
				2B55BD5A1AFF6C8200FC2500 /* lua_custlua_auto.cpp */,
				2B55BD5B1AFF6C8200FC2500 /* lua_custlua_auto.hpp */,
			);
			name = "lua-auto-binding";
			path = "../lua-auto-binding";
			sourceTree = "<group>";
		};
		2B55BD571AFF6C8200FC2500 /* api */ = {
			isa = PBXGroup;
			children = (
				2B55BD581AFF6C8200FC2500 /* lua_custlua_auto_api.lua */,
				2B55BD591AFF6C8200FC2500 /* LuaBridgeUtils.lua */,
			);
			path = api;
			sourceTree = "<group>";
		};
		5023810617EBBCAC00990C9B /* ios */ = {
			isa = PBXGroup;
			children = (
				521A8E6E19F0C3D200D177D7 /* Default-667h@2x.png */,
				521A8E6F19F0C3D200D177D7 /* Default-736h@3x.png */,
				5023810717EBBCAC00990C9B /* AppController.h */,
				5023810817EBBCAC00990C9B /* AppController.mm */,
				5023810917EBBCAC00990C9B /* Default-568h@2x.png */,
				5023810A17EBBCAC00990C9B /* Default.png */,
				5023810B17EBBCAC00990C9B /* Default@2x.png */,
				5091734A17ECE18300D62437 /* Icons */,
				5023811317EBBCAC00990C9B /* Info.plist */,
				5023811417EBBCAC00990C9B /* main.m */,
				5023811517EBBCAC00990C9B /* Prefix.pch */,
				5023811617EBBCAC00990C9B /* RootViewController.h */,
				5023811717EBBCAC00990C9B /* RootViewController.mm */,
			);
			path = ios;
			sourceTree = "<group>";
		};
		5023817117EBBE3400990C9B /* mac */ = {
			isa = PBXGroup;
			children = (
				9FF504811A5E87B100AFDA55 /* ConsoleWindow.xib */,
				9FF504821A5E87B100AFDA55 /* ConsoleWindowController.h */,
				9FF504831A5E87B100AFDA55 /* ConsoleWindowController.m */,
				5023817217EBBE3400990C9B /* Icon.icns */,
				9FFC07341A4A764100AED399 /* MainMenu.xib */,
				C07828F418B4D72E00BD2287 /* main.m */,
				C07828F618B4D72E00BD2287 /* SimulatorApp.h */,
				C07828F718B4D72E00BD2287 /* SimulatorApp.mm */,
				5023817317EBBE3400990C9B /* Info.plist */,
				5023817517EBBE3400990C9B /* Prefix.pch */,
			);
			path = mac;
			sourceTree = "<group>";
		};
		5091734A17ECE18300D62437 /* Icons */ = {
			isa = PBXGroup;
			children = (
				5091733017ECE17A00D62437 /* Icon-29.png */,
				5091733117ECE17A00D62437 /* Icon-40.png */,
				5091733217ECE17A00D62437 /* Icon-50.png */,
				5091733317ECE17A00D62437 /* Icon-58.png */,
				5091733417ECE17A00D62437 /* Icon-80.png */,
				5091733517ECE17A00D62437 /* Icon-100.png */,
				5023810C17EBBCAC00990C9B /* Icon-114.png */,
				5023810D17EBBCAC00990C9B /* Icon-120.png */,
				5023810E17EBBCAC00990C9B /* Icon-144.png */,
				5023810F17EBBCAC00990C9B /* Icon-152.png */,
				5023811017EBBCAC00990C9B /* Icon-57.png */,
				5023811117EBBCAC00990C9B /* Icon-72.png */,
				5023811217EBBCAC00990C9B /* Icon-76.png */,
			);
			name = Icons;
			sourceTree = "<group>";
		};
		9FC7603E1A67791200D1E6E7 /* ide-support */ = {
			isa = PBXGroup;
			children = (
				9FFE009B1ACCF59E00D6E35A /* lua_debugger.c */,
				9FFE009C1ACCF59E00D6E35A /* lua_debugger.h */,
				9FFE009D1ACCF59E00D6E35A /* RuntimeLuaImpl.cpp */,
				9FFE009E1ACCF59E00D6E35A /* RuntimeLuaImpl.h */,
				9FC7603F1A67791200D1E6E7 /* CodeIDESupport.h */,
				9FC760401A67791200D1E6E7 /* lang */,
				9FC760411A67791200D1E6E7 /* SimpleConfigParser.cpp */,
				9FC760421A67791200D1E6E7 /* SimpleConfigParser.h */,
			);
			name = "ide-support";
			path = "../Classes/ide-support";
			sourceTree = "<group>";
		};
		9FF504791A5E86D600AFDA55 /* Products */ = {
			isa = PBXGroup;
			children = (
				9FF5047E1A5E86D600AFDA55 /* libsimulator Mac.a */,
				9FF504801A5E86D600AFDA55 /* libsimulator iOS.a */,
			);
			name = Products;
			sourceTree = "<group>";
		};
		C03781AF18BF654500FE4F13 /* Products */ = {
			isa = PBXGroup;
			children = (
				15427CC2198F220600DC375D /* libluacocos2d Mac.a */,
				15427CD2198F220600DC375D /* libluacocos2d iOS.a */,
			);
			name = Products;
			sourceTree = "<group>";
		};
		F293B3BD15EB7BE500256477 = {
			isa = PBXGroup;
			children = (
				9FF504781A5E86D600AFDA55 /* libsimulator.xcodeproj */,
				C03781AE18BF654500FE4F13 /* cocos2d_lua_bindings.xcodeproj */,
				15A8A4031834BDA200142BE0 /* cocos2d_libs.xcodeproj */,
				5023810617EBBCAC00990C9B /* ios */,
				5023817117EBBE3400990C9B /* mac */,
				F293BB7C15EB830F00256477 /* Classes */,
				2B55BD511AFF6C2200FC2500 /* lua_bridge */,
				2B55BC9C1AFF6C0C00FC2500 /* plugins */,
				2B55BD561AFF6C8200FC2500 /* lua-auto-binding */,
				F293B3CB15EB7BE500256477 /* Frameworks */,
				F293B3C915EB7BE500256477 /* Products */,
				F293BC4615EB859D00256477 /* Resources */,
			);
			sourceTree = "<group>";
		};
		F293B3C915EB7BE500256477 /* Products */ = {
			isa = PBXGroup;
			children = (
				F293B3C815EB7BE500256477 /* game_client iOS.app */,
				5023816B17EBBCE400990C9B /* game_client Mac.app */,
			);
			name = Products;
			sourceTree = "<group>";
		};
		F293B3CB15EB7BE500256477 /* Frameworks */ = {
			isa = PBXGroup;
			children = (
				DA9E7D871AB1ABCC004B27C8 /* Security.framework */,
				5200BEC91A53D9A500AC45E4 /* Security.framework */,
				3EEEDB60197107C0006A9FF8 /* MediaPlayer.framework */,
				3EB51526195187AF006966AA /* CFNetwork.framework */,
				15A8A4871834C90E00142BE0 /* libcurl.dylib */,
				D6B061341803AC000077942B /* CoreMotion.framework */,
				50D7C96F17EBBEEC005D0B91 /* IOKit.framework */,
				50D7C96D17EBBEE6005D0B91 /* AppKit.framework */,
				50D7C96B17EBBEDF005D0B91 /* OpenGL.framework */,
				50805AAE17EBBEAA004CFAD3 /* UIKit.framework */,
				5023817917EBBE8300990C9B /* OpenGLES.framework */,
				1AF4C402178663F200122817 /* libz.dylib */,
				15C1568D1683131500D239F2 /* libcurl.a */,
				F293B3CC15EB7BE500256477 /* QuartzCore.framework */,
				F293B3CE15EB7BE500256477 /* OpenGLES.framework */,
				F293B3D015EB7BE500256477 /* OpenAL.framework */,
				F293B3D215EB7BE500256477 /* AudioToolbox.framework */,
				F293B3D415EB7BE500256477 /* AVFoundation.framework */,
				F293B3D615EB7BE500256477 /* UIKit.framework */,
				F293B3D815EB7BE500256477 /* Foundation.framework */,
				F293B3DA15EB7BE500256477 /* CoreGraphics.framework */,
			);
			name = Frameworks;
			sourceTree = "<group>";
		};
		F293BB7C15EB830F00256477 /* Classes */ = {
			isa = PBXGroup;
			children = (
				9FC7603E1A67791200D1E6E7 /* ide-support */,
				15427CE2198F237300DC375D /* lua_module_register.h */,
				F293BB7E15EB831F00256477 /* AppDelegate.cpp */,
				F293BB7F15EB831F00256477 /* AppDelegate.h */,
			);
			name = Classes;
			sourceTree = "<group>";
		};
		F293BC4615EB859D00256477 /* Resources */ = {
			isa = PBXGroup;
			children = (
				C05D1C111923449100B808A4 /* config.json */,
				C03781B718BF655400FE4F13 /* res */,
				C03781B818BF655400FE4F13 /* src */,
			);
			name = Resources;
			path = ../Resources;
			sourceTree = "<group>";
		};
/* End PBXGroup section */

/* Begin PBXNativeTarget section */
		5023812617EBBCE400990C9B /* game_client Mac */ = {
			isa = PBXNativeTarget;
			buildConfigurationList = 5023816817EBBCE400990C9B /* Build configuration list for PBXNativeTarget "game_client Mac" */;
			buildPhases = (
				5023813117EBBCE400990C9B /* Sources */,
				5023813617EBBCE400990C9B /* Frameworks */,
				5023814617EBBCE400990C9B /* Resources */,
			);
			buildRules = (
			);
			dependencies = (
				9FEE0E441A5FC95000FEA1B0 /* PBXTargetDependency */,
				9FF505C11A5F0F0900AFDA55 /* PBXTargetDependency */,
				152A34B9199CE758004B68DC /* PBXTargetDependency */,
				C0A2F04118975FF80072A7AB /* PBXTargetDependency */,
			);
			name = "game_client Mac";
			productName = game_client;
			productReference = 5023816B17EBBCE400990C9B /* game_client Mac.app */;
			productType = "com.apple.product-type.application";
		};
		F293B3C715EB7BE500256477 /* game_client iOS */ = {
			isa = PBXNativeTarget;
			buildConfigurationList = F293B6C415EB7BEA00256477 /* Build configuration list for PBXNativeTarget "game_client iOS" */;
			buildPhases = (
				F293B3C415EB7BE500256477 /* Sources */,
				F293B3C515EB7BE500256477 /* Frameworks */,
				F293B3C615EB7BE500256477 /* Resources */,
				3EC988201966433500A45E0E /* ShellScript */,
				2B55BC9B1AFF6AC200FC2500 /* ShellScript */,
			);
			buildRules = (
			);
			dependencies = (
				9FF504891A5E8B4C00AFDA55 /* PBXTargetDependency */,
				152A349F199CE72E004B68DC /* PBXTargetDependency */,
				15D1F3091994BBCA00302043 /* PBXTargetDependency */,
			);
			name = "game_client iOS";
			productName = game_client;
			productReference = F293B3C815EB7BE500256477 /* game_client iOS.app */;
			productType = "com.apple.product-type.application";
		};
/* End PBXNativeTarget section */

/* Begin PBXProject section */
		F293B3BF15EB7BE500256477 /* Project object */ = {
			isa = PBXProject;
			attributes = {
				LastUpgradeCheck = 0500;
				TargetAttributes = {
					F293B3C715EB7BE500256477 = {
						DevelopmentTeam = TEUF8P26HG;
					};
				};
			};
			buildConfigurationList = F293B3C215EB7BE500256477 /* Build configuration list for PBXProject "game_client" */;
			compatibilityVersion = "Xcode 3.2";
			developmentRegion = English;
			hasScannedForEncodings = 0;
			knownRegions = (
				en,
				Base,
				"zh-Hans",
			);
			mainGroup = F293B3BD15EB7BE500256477;
			productRefGroup = F293B3C915EB7BE500256477 /* Products */;
			projectDirPath = "";
			projectReferences = (
				{
					ProductGroup = 15A8A4041834BDA200142BE0 /* Products */;
					ProjectRef = 15A8A4031834BDA200142BE0 /* cocos2d_libs.xcodeproj */;
				},
				{
					ProductGroup = C03781AF18BF654500FE4F13 /* Products */;
					ProjectRef = C03781AE18BF654500FE4F13 /* cocos2d_lua_bindings.xcodeproj */;
				},
				{
					ProductGroup = 9FF504791A5E86D600AFDA55 /* Products */;
					ProjectRef = 9FF504781A5E86D600AFDA55 /* libsimulator.xcodeproj */;
				},
			);
			projectRoot = "";
			targets = (
				F293B3C715EB7BE500256477 /* game_client iOS */,
				5023812617EBBCE400990C9B /* game_client Mac */,
			);
		};
/* End PBXProject section */

/* Begin PBXReferenceProxy section */
		15427CC2198F220600DC375D /* libluacocos2d Mac.a */ = {
			isa = PBXReferenceProxy;
			fileType = archive.ar;
			path = "libluacocos2d Mac.a";
			remoteRef = 15427CC1198F220600DC375D /* PBXContainerItemProxy */;
			sourceTree = BUILT_PRODUCTS_DIR;
		};
		15427CD2198F220600DC375D /* libluacocos2d iOS.a */ = {
			isa = PBXReferenceProxy;
			fileType = archive.ar;
			path = "libluacocos2d iOS.a";
			remoteRef = 15427CD1198F220600DC375D /* PBXContainerItemProxy */;
			sourceTree = BUILT_PRODUCTS_DIR;
		};
		15A8A4171834BDA200142BE0 /* libcocos2d Mac.a */ = {
			isa = PBXReferenceProxy;
			fileType = archive.ar;
			path = "libcocos2d Mac.a";
			remoteRef = 15A8A4161834BDA200142BE0 /* PBXContainerItemProxy */;
			sourceTree = BUILT_PRODUCTS_DIR;
		};
		15A8A4251834BDA200142BE0 /* libcocos2d iOS.a */ = {
			isa = PBXReferenceProxy;
			fileType = archive.ar;
			path = "libcocos2d iOS.a";
			remoteRef = 15A8A4241834BDA200142BE0 /* PBXContainerItemProxy */;
			sourceTree = BUILT_PRODUCTS_DIR;
		};
		9FF5047E1A5E86D600AFDA55 /* libsimulator Mac.a */ = {
			isa = PBXReferenceProxy;
			fileType = archive.ar;
			path = "libsimulator Mac.a";
			remoteRef = 9FF5047D1A5E86D600AFDA55 /* PBXContainerItemProxy */;
			sourceTree = BUILT_PRODUCTS_DIR;
		};
		9FF504801A5E86D600AFDA55 /* libsimulator iOS.a */ = {
			isa = PBXReferenceProxy;
			fileType = archive.ar;
			path = "libsimulator iOS.a";
			remoteRef = 9FF5047F1A5E86D600AFDA55 /* PBXContainerItemProxy */;
			sourceTree = BUILT_PRODUCTS_DIR;
		};
/* End PBXReferenceProxy section */

/* Begin PBXResourcesBuildPhase section */
		5023814617EBBCE400990C9B /* Resources */ = {
			isa = PBXResourcesBuildPhase;
			buildActionMask = 2147483647;
			files = (
				2B55BD241AFF6C0C00FC2500 /* zone.hpp.erb in Resources */,
				C03781BA18BF655400FE4F13 /* res in Resources */,
				2B55BD5F1AFF6C8200FC2500 /* LuaBridgeUtils.lua in Resources */,
				C03781BC18BF655400FE4F13 /* src in Resources */,
				9FF504841A5E87B100AFDA55 /* ConsoleWindow.xib in Resources */,
				9FC760431A67791200D1E6E7 /* lang in Resources */,
				5023817617EBBE3400990C9B /* Icon.icns in Resources */,
				2B55BD5D1AFF6C8200FC2500 /* lua_custlua_auto_api.lua in Resources */,
				2B55BD201AFF6C0C00FC2500 /* tuple.hpp.erb in Resources */,
				9FFC07361A4A764100AED399 /* MainMenu.xib in Resources */,
				2B55BD221AFF6C0C00FC2500 /* version.h.in in Resources */,
				2B55BD1E1AFF6C0C00FC2500 /* define.hpp.erb in Resources */,
				C05D1C131923449100B808A4 /* config.json in Resources */,
			);
			runOnlyForDeploymentPostprocessing = 0;
		};
		F293B3C615EB7BE500256477 /* Resources */ = {
			isa = PBXResourcesBuildPhase;
			buildActionMask = 2147483647;
			files = (
				15A8A4491834C64F00142BE0 /* Icon-114.png in Resources */,
				5023811D17EBBCAC00990C9B /* Icon-120.png in Resources */,
				2B55BD5E1AFF6C8200FC2500 /* LuaBridgeUtils.lua in Resources */,
				5091733B17ECE17A00D62437 /* Icon-100.png in Resources */,
				5023811B17EBBCAC00990C9B /* Default@2x.png in Resources */,
				5091733617ECE17A00D62437 /* Icon-29.png in Resources */,
				2B55BD211AFF6C0C00FC2500 /* version.h.in in Resources */,
				5023811917EBBCAC00990C9B /* Default-568h@2x.png in Resources */,
				5091733917ECE17A00D62437 /* Icon-58.png in Resources */,
				5023811F17EBBCAC00990C9B /* Icon-152.png in Resources */,
				5023812017EBBCAC00990C9B /* Icon-57.png in Resources */,
				521A8E7019F0C3D200D177D7 /* Default-667h@2x.png in Resources */,
				C03781B918BF655400FE4F13 /* res in Resources */,
				2B55BD5C1AFF6C8200FC2500 /* lua_custlua_auto_api.lua in Resources */,
				5023812217EBBCAC00990C9B /* Icon-76.png in Resources */,
				5091733A17ECE17A00D62437 /* Icon-80.png in Resources */,
				5091733717ECE17A00D62437 /* Icon-40.png in Resources */,
				5023811E17EBBCAC00990C9B /* Icon-144.png in Resources */,
				2B55BD1F1AFF6C0C00FC2500 /* tuple.hpp.erb in Resources */,
				5023811A17EBBCAC00990C9B /* Default.png in Resources */,
				C03781BB18BF655400FE4F13 /* src in Resources */,
				2B55BD231AFF6C0C00FC2500 /* zone.hpp.erb in Resources */,
				5091733817ECE17A00D62437 /* Icon-50.png in Resources */,
				5023812117EBBCAC00990C9B /* Icon-72.png in Resources */,
				C05D1C121923449100B808A4 /* config.json in Resources */,
				2B55BD1D1AFF6C0C00FC2500 /* define.hpp.erb in Resources */,
				521A8E7119F0C3D200D177D7 /* Default-736h@3x.png in Resources */,
			);
			runOnlyForDeploymentPostprocessing = 0;
		};
/* End PBXResourcesBuildPhase section */

/* Begin PBXShellScriptBuildPhase section */
		2B55BC9B1AFF6AC200FC2500 /* ShellScript */ = {
			isa = PBXShellScriptBuildPhase;
			buildActionMask = 2147483647;
			files = (
			);
			inputPaths = (
			);
			outputPaths = (
			);
			runOnlyForDeploymentPostprocessing = 0;
			shellPath = /bin/sh;
			shellScript = "rm -rf ../../../runtime/ios/game_client\\ iOS.app\ncp -r ${BUILD_DIR}/Debug-iphonesimulator/game_client\\ iOS.app ../../../runtime/ios/game_client\\ iOS.app";
		};
		3EC988201966433500A45E0E /* ShellScript */ = {
			isa = PBXShellScriptBuildPhase;
			buildActionMask = 2147483647;
			files = (
			);
			inputPaths = (
			);
			outputPaths = (
			);
			runOnlyForDeploymentPostprocessing = 0;
			shellPath = /bin/sh;
			shellScript = "find ${SRCROOT}/../../../src/ -name \"*\" -exec touch -cm {} \\;\nfind ${SRCROOT}/../../../res/ -name \"*\" -exec touch -cm {} \\;";
		};
/* End PBXShellScriptBuildPhase section */

/* Begin PBXSourcesBuildPhase section */
		5023813117EBBCE400990C9B /* Sources */ = {
			isa = PBXSourcesBuildPhase;
			buildActionMask = 2147483647;
			files = (
				2B55BD501AFF6C0C00FC2500 /* sqlite3secure.c in Sources */,
				2B55BD1C1AFF6C0C00FC2500 /* lua_regist.c in Sources */,
				2B55BD281AFF6C0C00FC2500 /* Makefile in Sources */,
				2B55BD161AFF6C0C00FC2500 /* md5.c in Sources */,
				2B55BD141AFF6C0C00FC2500 /* CCCrypto.cpp in Sources */,
				2B55BD1A1AFF6C0C00FC2500 /* lsqlite3.c in Sources */,
				2B55BD121AFF6C0C00FC2500 /* libb64.c in Sources */,
				2B55BD361AFF6C0C00FC2500 /* unpacker.cpp in Sources */,
				2B55BD3C1AFF6C0C00FC2500 /* vrefbuffer.c in Sources */,
				C07828FA18B4D72E00BD2287 /* SimulatorApp.mm in Sources */,
				2B55BD321AFF6C0C00FC2500 /* packer_impl.cpp in Sources */,
				9FFE00A01ACCF59E00D6E35A /* lua_debugger.c in Sources */,
				2B55BD551AFF6C2200FC2500 /* LuaBridgeUtils.cpp in Sources */,
				2B55BD3A1AFF6C0C00FC2500 /* version.c in Sources */,
				2B55BD0E1AFF6C0C00FC2500 /* lua_cjson.c in Sources */,
				2B55BD181AFF6C0C00FC2500 /* sha1.cpp in Sources */,
				5023813317EBBCE400990C9B /* AppDelegate.cpp in Sources */,
				9FF504851A5E87B100AFDA55 /* ConsoleWindowController.m in Sources */,
				2B55BD611AFF6C8200FC2500 /* lua_custlua_auto.cpp in Sources */,
				2B55BD2E1AFF6C0C00FC2500 /* objectc.c in Sources */,
				2B55BD261AFF6C0C00FC2500 /* lua_objects.cpp in Sources */,
				C07828F818B4D72E00BD2287 /* main.m in Sources */,
				2B55BD2A1AFF6C0C00FC2500 /* msgpack.cpp in Sources */,
				2B55BD2C1AFF6C0C00FC2500 /* object.cpp in Sources */,
				9FFE00A21ACCF59E00D6E35A /* RuntimeLuaImpl.cpp in Sources */,
				2B55BD0C1AFF6C0C00FC2500 /* fpconv.c in Sources */,
				2B55BD3E1AFF6C0C00FC2500 /* zone.c in Sources */,
				2B55BD341AFF6C0C00FC2500 /* unpack.c in Sources */,
				2B55BD101AFF6C0C00FC2500 /* strbuf.c in Sources */,
				2B55BD381AFF6C0C00FC2500 /* vector.c in Sources */,
				2B55BD301AFF6C0C00FC2500 /* packer.cpp in Sources */,
			);
			runOnlyForDeploymentPostprocessing = 0;
		};
		F293B3C415EB7BE500256477 /* Sources */ = {
			isa = PBXSourcesBuildPhase;
			buildActionMask = 2147483647;
			files = (
				2B55BD291AFF6C0C00FC2500 /* msgpack.cpp in Sources */,
				2B55BD271AFF6C0C00FC2500 /* Makefile in Sources */,
				9FC760451A677A4A00D1E6E7 /* SimpleConfigParser.cpp in Sources */,
				2B55BD331AFF6C0C00FC2500 /* unpack.c in Sources */,
				2B55BD191AFF6C0C00FC2500 /* lsqlite3.c in Sources */,
				2B55BD251AFF6C0C00FC2500 /* lua_objects.cpp in Sources */,
				5023812517EBBCAC00990C9B /* RootViewController.mm in Sources */,
				F293BB9C15EB831F00256477 /* AppDelegate.cpp in Sources */,
				2B55BD2F1AFF6C0C00FC2500 /* packer.cpp in Sources */,
				2B55BD351AFF6C0C00FC2500 /* unpacker.cpp in Sources */,
				2B55BD2D1AFF6C0C00FC2500 /* objectc.c in Sources */,
				2B55BD541AFF6C2200FC2500 /* LuaBridgeUtils.cpp in Sources */,
				2B55BD311AFF6C0C00FC2500 /* packer_impl.cpp in Sources */,
				2B55BD0F1AFF6C0C00FC2500 /* strbuf.c in Sources */,
				2B55BD391AFF6C0C00FC2500 /* version.c in Sources */,
				9FFE009F1ACCF59E00D6E35A /* lua_debugger.c in Sources */,
				2B55BD0D1AFF6C0C00FC2500 /* lua_cjson.c in Sources */,
				5023812417EBBCAC00990C9B /* main.m in Sources */,
				2B55BD601AFF6C8200FC2500 /* lua_custlua_auto.cpp in Sources */,
				2B55BD151AFF6C0C00FC2500 /* md5.c in Sources */,
				2B55BD3D1AFF6C0C00FC2500 /* zone.c in Sources */,
				2B55BD111AFF6C0C00FC2500 /* libb64.c in Sources */,
				2B55BD131AFF6C0C00FC2500 /* CCCrypto.cpp in Sources */,
				2B55BD2B1AFF6C0C00FC2500 /* object.cpp in Sources */,
				2B55BD371AFF6C0C00FC2500 /* vector.c in Sources */,
				2B55BD3B1AFF6C0C00FC2500 /* vrefbuffer.c in Sources */,
				2B55BD171AFF6C0C00FC2500 /* sha1.cpp in Sources */,
				2B55BD1B1AFF6C0C00FC2500 /* lua_regist.c in Sources */,
				2B55BD0B1AFF6C0C00FC2500 /* fpconv.c in Sources */,
				2B55BD4F1AFF6C0C00FC2500 /* sqlite3secure.c in Sources */,
				9FFE00A11ACCF59E00D6E35A /* RuntimeLuaImpl.cpp in Sources */,
				5023811817EBBCAC00990C9B /* AppController.mm in Sources */,
			);
			runOnlyForDeploymentPostprocessing = 0;
		};
/* End PBXSourcesBuildPhase section */

/* Begin PBXTargetDependency section */
		152A349F199CE72E004B68DC /* PBXTargetDependency */ = {
			isa = PBXTargetDependency;
			name = "libluacocos2d iOS";
			targetProxy = 152A349E199CE72E004B68DC /* PBXContainerItemProxy */;
		};
		152A34B9199CE758004B68DC /* PBXTargetDependency */ = {
			isa = PBXTargetDependency;
			name = "libluacocos2d Mac";
			targetProxy = 152A34B8199CE758004B68DC /* PBXContainerItemProxy */;
		};
		15D1F3091994BBCA00302043 /* PBXTargetDependency */ = {
			isa = PBXTargetDependency;
			name = "libcocos2d iOS";
			targetProxy = 15D1F3081994BBCA00302043 /* PBXContainerItemProxy */;
		};
		9FEE0E441A5FC95000FEA1B0 /* PBXTargetDependency */ = {
			isa = PBXTargetDependency;
			name = libsimulator;
			targetProxy = 9FEE0E431A5FC95000FEA1B0 /* PBXContainerItemProxy */;
		};
		9FF504891A5E8B4C00AFDA55 /* PBXTargetDependency */ = {
			isa = PBXTargetDependency;
			name = libsimulator_iOS;
			targetProxy = 9FF504881A5E8B4C00AFDA55 /* PBXContainerItemProxy */;
		};
		9FF505C11A5F0F0900AFDA55 /* PBXTargetDependency */ = {
			isa = PBXTargetDependency;
			name = libsimulator;
		};
		C0A2F04118975FF80072A7AB /* PBXTargetDependency */ = {
			isa = PBXTargetDependency;
			name = "cocos2dx Mac";
			targetProxy = C0A2F04018975FF80072A7AB /* PBXContainerItemProxy */;
		};
/* End PBXTargetDependency section */

/* Begin PBXVariantGroup section */
		9FFC07341A4A764100AED399 /* MainMenu.xib */ = {
			isa = PBXVariantGroup;
			children = (
				9FFC07351A4A764100AED399 /* Base */,
				9FFC07371A4A765100AED399 /* zh-Hans */,
			);
			name = MainMenu.xib;
			sourceTree = "<group>";
		};
/* End PBXVariantGroup section */

/* Begin XCBuildConfiguration section */
		5023816917EBBCE400990C9B /* Debug */ = {
			isa = XCBuildConfiguration;
			buildSettings = {
				ALWAYS_SEARCH_USER_PATHS = YES;
				ARCHS = "$(ARCHS_STANDARD_64_BIT)";
				COMBINE_HIDPI_IMAGES = YES;
				CONFIGURATION_BUILD_DIR = ../../../runtime/mac;
				GCC_DYNAMIC_NO_PIC = NO;
				GCC_PRECOMPILE_PREFIX_HEADER = YES;
				GCC_PREFIX_HEADER = mac/Prefix.pch;
				GCC_PREPROCESSOR_DEFINITIONS = (
					GLFW_EXPOSE_NATIVE_COCOA,
					GLFW_EXPOSE_NATIVE_NSGL,
					CC_TARGET_OS_MAC,
					"$(inherited)",
				);
				HEADER_SEARCH_PATHS = (
					"$(SRCROOT)/../Classes/protobuf-lite",
					"$(SRCROOT)/../Classes",
					"$(SRCROOT)/../../cocos2d-x/tools/simulator/libsimulator/lib",
				);
				INFOPLIST_FILE = mac/Info.plist;
				LIBRARY_SEARCH_PATHS = "";
				MACOSX_DEPLOYMENT_TARGET = 10.8;
				OTHER_LDFLAGS = (
					"-image_base",
					100000000,
					"-pagezero_size",
					10000,
					"$(_COCOS_LIB_MAC_BEGIN)",
					"$(_COCOS_LIB_MAC_END)",
				);
				SDKROOT = macosx;
				USER_HEADER_SEARCH_PATHS = "$(inherited) $(SRCROOT)/../../cocos2d-x/cocos/platform/mac $(SRCROOT)/../../cocos2d-x/external/glfw3/include/mac $(_COCOS_HEADER_MAC_BEGIN) $(_COCOS_HEADER_MAC_END)";
			};
			name = Debug;
		};
		5023816A17EBBCE400990C9B /* Release */ = {
			isa = XCBuildConfiguration;
			buildSettings = {
				ALWAYS_SEARCH_USER_PATHS = YES;
				ARCHS = "$(ARCHS_STANDARD_64_BIT)";
				COMBINE_HIDPI_IMAGES = YES;
				GCC_PRECOMPILE_PREFIX_HEADER = YES;
				GCC_PREFIX_HEADER = mac/Prefix.pch;
				GCC_PREPROCESSOR_DEFINITIONS = (
					GLFW_EXPOSE_NATIVE_COCOA,
					GLFW_EXPOSE_NATIVE_NSGL,
					CC_TARGET_OS_MAC,
					"$(inherited)",
				);
				HEADER_SEARCH_PATHS = (
					"$(SRCROOT)/../Classes/protobuf-lite",
					"$(SRCROOT)/../Classes",
					"$(SRCROOT)/../../cocos2d-x/tools/simulator/libsimulator/lib",
				);
				INFOPLIST_FILE = mac/Info.plist;
				LIBRARY_SEARCH_PATHS = "";
				MACOSX_DEPLOYMENT_TARGET = 10.8;
				OTHER_LDFLAGS = (
					"-image_base",
					100000000,
					"-pagezero_size",
					10000,
					"$(_COCOS_LIB_MAC_BEGIN)",
					"$(_COCOS_LIB_MAC_END)",
				);
				SDKROOT = macosx;
				USER_HEADER_SEARCH_PATHS = "$(inherited) $(SRCROOT)/../../cocos2d-x/cocos/platform/mac $(SRCROOT)/../../cocos2d-x/external/glfw3/include/mac $(_COCOS_HEADER_MAC_BEGIN) $(_COCOS_HEADER_MAC_END)";
			};
			name = Release;
		};
		F293B6C215EB7BEA00256477 /* Debug */ = {
			isa = XCBuildConfiguration;
			buildSettings = {
				CLANG_CXX_LANGUAGE_STANDARD = "c++0x";
				CLANG_CXX_LIBRARY = "libc++";
				CODE_SIGN_IDENTITY = "iPhone Developer: lin cui (33X77B6CMT)";
				COPY_PHASE_STRIP = NO;
				GCC_C_LANGUAGE_STANDARD = c99;
				GCC_OPTIMIZATION_LEVEL = 0;
				GCC_PREPROCESSOR_DEFINITIONS = (
					DEBUG,
					"COCOS2D_DEBUG=1",
					USE_FILE32API,
					"CC_LUA_ENGINE_ENABLED=1",
					"CC_ENABLE_CHIPMUNK_INTEGRATION=1",
					GLFW_EXPOSE_NATIVE_COCOA,
				);
				GCC_SYMBOLS_PRIVATE_EXTERN = NO;
				GCC_WARN_ABOUT_RETURN_TYPE = YES;
				GCC_WARN_UNUSED_VARIABLE = YES;
				HEADER_SEARCH_PATHS = "";
				ONLY_ACTIVE_ARCH = YES;
				PRODUCT_NAME = "$(TARGET_NAME)";
				USER_HEADER_SEARCH_PATHS = "$(SRCROOT)/../../cocos2d-x $(SRCROOT)/../../cocos2d-x/cocos $(SRCROOT)/../../cocos2d-x/cocos/base $(SRCROOT)/../../cocos2d-x/cocos/physics $(SRCROOT)/../../cocos2d-x/cocos/math/kazmath $(SRCROOT)/../../cocos2d-x/cocos/2d $(SRCROOT)/../../cocos2d-x/cocos/ui $(SRCROOT)/../../cocos2d-x/cocos/network $(SRCROOT)/../../cocos2d-x/cocos/audio/include $(SRCROOT)/../../cocos2d-x/cocos/editor-support $(SRCROOT)/../../cocos2d-x/extensions $(SRCROOT)/../../cocos2d-x/external $(SRCROOT)/../../cocos2d-x/external/chipmunk/include/chipmunk $(SRCROOT)/../../cocos2d-x/external/lua/luajit/include $(SRCROOT)/../../cocos2d-x/external/lua/tolua $(SRCROOT)/../../cocos2d-x/cocos/scripting/lua-bindings/manual $(SRCROOT)/../../cocos2d-x/cocos/scripting/lua-bindings/auto $(SRCROOT)/../../cocos2d-x/tools/simulator/libsimulator/lib $(SRCROOT)/../../cocos2d-x/tools/simulator/libsimulator/lib/protobuf-lite $(SRCROOT)/../../runtime-src/plugins";
			};
			name = Debug;
		};
		F293B6C315EB7BEA00256477 /* Release */ = {
			isa = XCBuildConfiguration;
			buildSettings = {
				CLANG_CXX_LANGUAGE_STANDARD = "c++0x";
				CLANG_CXX_LIBRARY = "libc++";
				CODE_SIGN_IDENTITY = "iPhone Developer: lin cui (33X77B6CMT)";
				GCC_C_LANGUAGE_STANDARD = c99;
				GCC_PREPROCESSOR_DEFINITIONS = (
					NDEBUG,
					USE_FILE32API,
					"CC_LUA_ENGINE_ENABLED=1",
					"CC_ENABLE_CHIPMUNK_INTEGRATION=1",
				);
				GCC_WARN_ABOUT_RETURN_TYPE = YES;
				GCC_WARN_UNUSED_VARIABLE = YES;
				HEADER_SEARCH_PATHS = "";
				OTHER_CFLAGS = "-DNS_BLOCK_ASSERTIONS=1";
				PRODUCT_NAME = "$(TARGET_NAME)";
				USER_HEADER_SEARCH_PATHS = "$(SRCROOT)/../../cocos2d-x $(SRCROOT)/../../cocos2d-x/cocos $(SRCROOT)/../../cocos2d-x/cocos/base $(SRCROOT)/../../cocos2d-x/cocos/physics $(SRCROOT)/../../cocos2d-x/cocos/math/kazmath $(SRCROOT)/../../cocos2d-x/cocos/2d $(SRCROOT)/../../cocos2d-x/cocos/ui $(SRCROOT)/../../cocos2d-x/cocos/network $(SRCROOT)/../../cocos2d-x/cocos/audio/include $(SRCROOT)/../../cocos2d-x/cocos/editor-support $(SRCROOT)/../../cocos2d-x/extensions $(SRCROOT)/../../cocos2d-x/external $(SRCROOT)/../../cocos2d-x/external/chipmunk/include/chipmunk $(SRCROOT)/../../cocos2d-x/external/lua/luajit/include $(SRCROOT)/../../cocos2d-x/external/lua/tolua $(SRCROOT)/../../cocos2d-x/cocos/scripting/lua-bindings/manual $(SRCROOT)/../../cocos2d-x/cocos/scripting/lua-bindings/auto $(SRCROOT)/../../cocos2d-x/tools/simulator/libsimulator/lib $(SRCROOT)/../../cocos2d-x/tools/simulator/libsimulator/lib/protobuf-lite $(SRCROOT)/../../runtime-src/plugins";
				VALIDATE_PRODUCT = YES;
			};
			name = Release;
		};
		F293B6C515EB7BEA00256477 /* Debug */ = {
			isa = XCBuildConfiguration;
			buildSettings = {
				ALWAYS_SEARCH_USER_PATHS = YES;
				CODE_SIGN_IDENTITY = "iPhone Developer";
				"CODE_SIGN_IDENTITY[sdk=iphoneos*]" = "iPhone Developer";
				COMPRESS_PNG_FILES = NO;
				ENABLE_BITCODE = NO;
				GCC_DYNAMIC_NO_PIC = NO;
				GCC_PRECOMPILE_PREFIX_HEADER = YES;
				GCC_PREFIX_HEADER = ios/Prefix.pch;
				GCC_PREPROCESSOR_DEFINITIONS = (
					CC_TARGET_OS_IPHONE,
					"$(inherited)",
				);
				HEADER_SEARCH_PATHS = (
					"$(SRCROOT)/../Classes/protobuf-lite",
					"$(SRCROOT)/../Classes",
					"$(SRCROOT)/../../cocos2d-x/tools/simulator/libsimulator/lib",
				);
				INFOPLIST_FILE = ios/Info.plist;
				IPHONEOS_DEPLOYMENT_TARGET = 5.0;
				LIBRARY_SEARCH_PATHS = "";
				OTHER_LDFLAGS = (
					"$(_COCOS_LIB_IOS_BEGIN)",
					"$(_COCOS_LIB_IOS_END)",
				);
				"OTHER_LDFLAGS[sdk=iphonesimulator*][arch=x86_64]" = (
					"$(_COCOS_LIB_IOS_BEGIN)",
					"$(_COCOS_LIB_IOS_END)",
					"-pagezero_size",
					10000,
					"-image_base",
					100000000,
				);
				PRODUCT_BUNDLE_IDENTIFIER = org.cocos2dx.gameclient;
				PROVISIONING_PROFILE = "";
				SDKROOT = iphoneos;
				TARGETED_DEVICE_FAMILY = "1,2";
				USER_HEADER_SEARCH_PATHS = "$(inherited) $(SRCROOT)/../../cocos2d-x/cocos/platform/ios $(_COCOS_HEADER_IOS_BEGIN) $(_COCOS_HEADER_IOS_END)";
				VALID_ARCHS = "arm64 armv7";
			};
			name = Debug;
		};
		F293B6C615EB7BEA00256477 /* Release */ = {
			isa = XCBuildConfiguration;
			buildSettings = {
				ALWAYS_SEARCH_USER_PATHS = YES;
				CODE_SIGN_IDENTITY = "iPhone Developer";
				"CODE_SIGN_IDENTITY[sdk=iphoneos*]" = "iPhone Developer";
				COMPRESS_PNG_FILES = NO;
				ENABLE_BITCODE = NO;
				GCC_PRECOMPILE_PREFIX_HEADER = YES;
				GCC_PREFIX_HEADER = ios/Prefix.pch;
				GCC_PREPROCESSOR_DEFINITIONS = (
					CC_TARGET_OS_IPHONE,
					"$(inherited)",
				);
				HEADER_SEARCH_PATHS = (
					"$(SRCROOT)/../Classes/protobuf-lite",
					"$(SRCROOT)/../Classes",
					"$(SRCROOT)/../../cocos2d-x/tools/simulator/libsimulator/lib",
				);
				INFOPLIST_FILE = ios/Info.plist;
				IPHONEOS_DEPLOYMENT_TARGET = 5.0;
				LIBRARY_SEARCH_PATHS = "";
				OTHER_LDFLAGS = (
					"$(_COCOS_LIB_IOS_BEGIN)",
					"$(_COCOS_LIB_IOS_END)",
				);
				"OTHER_LDFLAGS[sdk=iphonesimulator*][arch=x86_64]" = (
					"$(_COCOS_LIB_IOS_BEGIN)",
					"$(_COCOS_LIB_IOS_END)",
					"-pagezero_size",
					10000,
					"-image_base",
					100000000,
				);
				PRODUCT_BUNDLE_IDENTIFIER = org.cocos2dx.gameclient;
				PROVISIONING_PROFILE = "";
				SDKROOT = iphoneos;
				TARGETED_DEVICE_FAMILY = "1,2";
				USER_HEADER_SEARCH_PATHS = "$(inherited) $(SRCROOT)/../../cocos2d-x/cocos/platform/ios $(_COCOS_HEADER_IOS_BEGIN) $(_COCOS_HEADER_IOS_END)";
				VALID_ARCHS = "arm64 armv7";
			};
			name = Release;
		};
/* End XCBuildConfiguration section */

/* Begin XCConfigurationList section */
		5023816817EBBCE400990C9B /* Build configuration list for PBXNativeTarget "game_client Mac" */ = {
			isa = XCConfigurationList;
			buildConfigurations = (
				5023816917EBBCE400990C9B /* Debug */,
				5023816A17EBBCE400990C9B /* Release */,
			);
			defaultConfigurationIsVisible = 0;
			defaultConfigurationName = Release;
		};
		F293B3C215EB7BE500256477 /* Build configuration list for PBXProject "game_client" */ = {
			isa = XCConfigurationList;
			buildConfigurations = (
				F293B6C215EB7BEA00256477 /* Debug */,
				F293B6C315EB7BEA00256477 /* Release */,
			);
			defaultConfigurationIsVisible = 0;
			defaultConfigurationName = Release;
		};
		F293B6C415EB7BEA00256477 /* Build configuration list for PBXNativeTarget "game_client iOS" */ = {
			isa = XCConfigurationList;
			buildConfigurations = (
				F293B6C515EB7BEA00256477 /* Debug */,
				F293B6C615EB7BEA00256477 /* Release */,
			);
			defaultConfigurationIsVisible = 0;
			defaultConfigurationName = Release;
		};
/* End XCConfigurationList section */
	};
	rootObject = F293B3BF15EB7BE500256477 /* Project object */;
}
